// !$*UTF8*$!
{
	archiveVersion = 1;
	classes = {
	};
	objectVersion = 56;
	objects = {

/* Begin PBXBuildFile section */
		B7007C592976C973000B874A /* LogType.swift in Sources */ = {isa = PBXBuildFile; fileRef = B7007C572976C973000B874A /* LogType.swift */; };
		B7007C5A2976C973000B874A /* Logger.swift in Sources */ = {isa = PBXBuildFile; fileRef = B7007C582976C973000B874A /* Logger.swift */; };
		B7007C602976CACC000B874A /* LocaleManager.swift in Sources */ = {isa = PBXBuildFile; fileRef = B7007C5D2976CACC000B874A /* LocaleManager.swift */; };
		B78603852976C6FA000F611F /* KurlyApp.swift in Sources */ = {isa = PBXBuildFile; fileRef = B78603842976C6FA000F611F /* KurlyApp.swift */; };
		B78603872976C6FA000F611F /* ContentView.swift in Sources */ = {isa = PBXBuildFile; fileRef = B78603862976C6FA000F611F /* ContentView.swift */; };
		B78603892976C6FC000F611F /* Assets.xcassets in Resources */ = {isa = PBXBuildFile; fileRef = B78603882976C6FC000F611F /* Assets.xcassets */; };
		B786038C2976C6FC000F611F /* Preview Assets.xcassets in Resources */ = {isa = PBXBuildFile; fileRef = B786038B2976C6FC000F611F /* Preview Assets.xcassets */; };
		B79CF93E29777C4800284B6D /* VersionManager.swift in Sources */ = {isa = PBXBuildFile; fileRef = B79CF93D29777C4800284B6D /* VersionManager.swift */; };
		B79CF94129777D0B00284B6D /* UserDefaultsKey.swift in Sources */ = {isa = PBXBuildFile; fileRef = B79CF94029777D0B00284B6D /* UserDefaultsKey.swift */; };
		B79CF95029777DE500284B6D /* NetworkManager.swift in Sources */ = {isa = PBXBuildFile; fileRef = B79CF94329777DE500284B6D /* NetworkManager.swift */; };
		B79CF95129777DE500284B6D /* ServiceURL.swift in Sources */ = {isa = PBXBuildFile; fileRef = B79CF94529777DE500284B6D /* ServiceURL.swift */; };
		B79CF95229777DE500284B6D /* HTTPHeaderField.swift in Sources */ = {isa = PBXBuildFile; fileRef = B79CF94629777DE500284B6D /* HTTPHeaderField.swift */; };
		B79CF95329777DE500284B6D /* HTTPMethod.swift in Sources */ = {isa = PBXBuildFile; fileRef = B79CF94729777DE500284B6D /* HTTPMethod.swift */; };
		B79CF95429777DE500284B6D /* Response.swift in Sources */ = {isa = PBXBuildFile; fileRef = B79CF94829777DE500284B6D /* Response.swift */; };
		B79CF95529777DE500284B6D /* ServiceError.swift in Sources */ = {isa = PBXBuildFile; fileRef = B79CF94929777DE500284B6D /* ServiceError.swift */; };
		B79CF95629777DE500284B6D /* KurlyServer.swift in Sources */ = {isa = PBXBuildFile; fileRef = B79CF94A29777DE500284B6D /* KurlyServer.swift */; };
		B79CF95729777DE500284B6D /* HTTPHeaderValue.swift in Sources */ = {isa = PBXBuildFile; fileRef = B79CF94B29777DE500284B6D /* HTTPHeaderValue.swift */; };
		B79CF95829777DE500284B6D /* MultipartType.swift in Sources */ = {isa = PBXBuildFile; fileRef = B79CF94C29777DE500284B6D /* MultipartType.swift */; };
		B79CF95929777DE500284B6D /* URLRequestExtension.swift in Sources */ = {isa = PBXBuildFile; fileRef = B79CF94D29777DE500284B6D /* URLRequestExtension.swift */; };
		B79CF95A29777DE500284B6D /* HTTPStatusCode.swift in Sources */ = {isa = PBXBuildFile; fileRef = B79CF94E29777DE500284B6D /* HTTPStatusCode.swift */; };
		B79CF95B29777DE500284B6D /* Host.swift in Sources */ = {isa = PBXBuildFile; fileRef = B79CF94F29777DE500284B6D /* Host.swift */; };
/* End PBXBuildFile section */

/* Begin PBXFileReference section */
		B7007C572976C973000B874A /* LogType.swift */ = {isa = PBXFileReference; fileEncoding = 4; lastKnownFileType = sourcecode.swift; path = LogType.swift; sourceTree = "<group>"; };
		B7007C582976C973000B874A /* Logger.swift */ = {isa = PBXFileReference; fileEncoding = 4; lastKnownFileType = sourcecode.swift; path = Logger.swift; sourceTree = "<group>"; };
		B7007C5D2976CACC000B874A /* LocaleManager.swift */ = {isa = PBXFileReference; fileEncoding = 4; lastKnownFileType = sourcecode.swift; path = LocaleManager.swift; sourceTree = "<group>"; };
		B78603812976C6FA000F611F /* Kurly.app */ = {isa = PBXFileReference; explicitFileType = wrapper.application; includeInIndex = 0; path = Kurly.app; sourceTree = BUILT_PRODUCTS_DIR; };
		B78603842976C6FA000F611F /* KurlyApp.swift */ = {isa = PBXFileReference; lastKnownFileType = sourcecode.swift; path = KurlyApp.swift; sourceTree = "<group>"; };
		B78603862976C6FA000F611F /* ContentView.swift */ = {isa = PBXFileReference; lastKnownFileType = sourcecode.swift; path = ContentView.swift; sourceTree = "<group>"; };
		B78603882976C6FC000F611F /* Assets.xcassets */ = {isa = PBXFileReference; lastKnownFileType = folder.assetcatalog; path = Assets.xcassets; sourceTree = "<group>"; };
		B786038B2976C6FC000F611F /* Preview Assets.xcassets */ = {isa = PBXFileReference; lastKnownFileType = folder.assetcatalog; path = "Preview Assets.xcassets"; sourceTree = "<group>"; };
		B79CF93D29777C4800284B6D /* VersionManager.swift */ = {isa = PBXFileReference; fileEncoding = 4; lastKnownFileType = sourcecode.swift; path = VersionManager.swift; sourceTree = "<group>"; };
		B79CF94029777D0B00284B6D /* UserDefaultsKey.swift */ = {isa = PBXFileReference; fileEncoding = 4; lastKnownFileType = sourcecode.swift; path = UserDefaultsKey.swift; sourceTree = "<group>"; };
		B79CF94329777DE500284B6D /* NetworkManager.swift */ = {isa = PBXFileReference; fileEncoding = 4; lastKnownFileType = sourcecode.swift; path = NetworkManager.swift; sourceTree = "<group>"; };
		B79CF94529777DE500284B6D /* ServiceURL.swift */ = {isa = PBXFileReference; fileEncoding = 4; lastKnownFileType = sourcecode.swift; path = ServiceURL.swift; sourceTree = "<group>"; };
		B79CF94629777DE500284B6D /* HTTPHeaderField.swift */ = {isa = PBXFileReference; fileEncoding = 4; lastKnownFileType = sourcecode.swift; path = HTTPHeaderField.swift; sourceTree = "<group>"; };
		B79CF94729777DE500284B6D /* HTTPMethod.swift */ = {isa = PBXFileReference; fileEncoding = 4; lastKnownFileType = sourcecode.swift; path = HTTPMethod.swift; sourceTree = "<group>"; };
		B79CF94829777DE500284B6D /* Response.swift */ = {isa = PBXFileReference; fileEncoding = 4; lastKnownFileType = sourcecode.swift; path = Response.swift; sourceTree = "<group>"; };
		B79CF94929777DE500284B6D /* ServiceError.swift */ = {isa = PBXFileReference; fileEncoding = 4; lastKnownFileType = sourcecode.swift; path = ServiceError.swift; sourceTree = "<group>"; };
		B79CF94A29777DE500284B6D /* KurlyServer.swift */ = {isa = PBXFileReference; fileEncoding = 4; lastKnownFileType = sourcecode.swift; path = KurlyServer.swift; sourceTree = "<group>"; };
		B79CF94B29777DE500284B6D /* HTTPHeaderValue.swift */ = {isa = PBXFileReference; fileEncoding = 4; lastKnownFileType = sourcecode.swift; path = HTTPHeaderValue.swift; sourceTree = "<group>"; };
		B79CF94C29777DE500284B6D /* MultipartType.swift */ = {isa = PBXFileReference; fileEncoding = 4; lastKnownFileType = sourcecode.swift; path = MultipartType.swift; sourceTree = "<group>"; };
		B79CF94D29777DE500284B6D /* URLRequestExtension.swift */ = {isa = PBXFileReference; fileEncoding = 4; lastKnownFileType = sourcecode.swift; path = URLRequestExtension.swift; sourceTree = "<group>"; };
		B79CF94E29777DE500284B6D /* HTTPStatusCode.swift */ = {isa = PBXFileReference; fileEncoding = 4; lastKnownFileType = sourcecode.swift; path = HTTPStatusCode.swift; sourceTree = "<group>"; };
		B79CF94F29777DE500284B6D /* Host.swift */ = {isa = PBXFileReference; fileEncoding = 4; lastKnownFileType = sourcecode.swift; path = Host.swift; sourceTree = "<group>"; };
/* End PBXFileReference section */

/* Begin PBXFrameworksBuildPhase section */
		B786037E2976C6FA000F611F /* Frameworks */ = {
			isa = PBXFrameworksBuildPhase;
			buildActionMask = 2147483647;
			files = (
			);
			runOnlyForDeploymentPostprocessing = 0;
		};
/* End PBXFrameworksBuildPhase section */

/* Begin PBXGroup section */
		B7007C5C2976CACC000B874A /* Locale */ = {
			isa = PBXGroup;
			children = (
				B7007C5D2976CACC000B874A /* LocaleManager.swift */,
			);
			path = Locale;
			sourceTree = "<group>";
		};
		B78603782976C6FA000F611F = {
			isa = PBXGroup;
			children = (
				B78603832976C6FA000F611F /* Kurly */,
				B78603822976C6FA000F611F /* Products */,
			);
			sourceTree = "<group>";
		};
		B78603822976C6FA000F611F /* Products */ = {
			isa = PBXGroup;
			children = (
				B78603812976C6FA000F611F /* Kurly.app */,
			);
			name = Products;
			sourceTree = "<group>";
		};
		B78603832976C6FA000F611F /* Kurly */ = {
			isa = PBXGroup;
			children = (
				B78603842976C6FA000F611F /* KurlyApp.swift */,
				B78603862976C6FA000F611F /* ContentView.swift */,
				B78603922976C73A000F611F /* Util */,
				B78603882976C6FC000F611F /* Assets.xcassets */,
				B786038A2976C6FC000F611F /* Preview Content */,
			);
			path = Kurly;
			sourceTree = "<group>";
		};
		B786038A2976C6FC000F611F /* Preview Content */ = {
			isa = PBXGroup;
			children = (
				B786038B2976C6FC000F611F /* Preview Assets.xcassets */,
			);
			path = "Preview Content";
			sourceTree = "<group>";
		};
		B78603922976C73A000F611F /* Util */ = {
			isa = PBXGroup;
			children = (
				B7007C5C2976CACC000B874A /* Locale */,
				B78603932976C75D000F611F /* Logger */,
				B79CF94229777DE500284B6D /* Network */,
				B79CF93F29777D0B00284B6D /* UserDefault */,
				B79CF93C29777C4800284B6D /* Version */,
			);
			path = Util;
			sourceTree = "<group>";
		};
		B78603932976C75D000F611F /* Logger */ = {
			isa = PBXGroup;
			children = (
				B7007C582976C973000B874A /* Logger.swift */,
				B7007C572976C973000B874A /* LogType.swift */,
			);
			path = Logger;
			sourceTree = "<group>";
		};
		B79CF93C29777C4800284B6D /* Version */ = {
			isa = PBXGroup;
			children = (
				B79CF93D29777C4800284B6D /* VersionManager.swift */,
			);
			path = Version;
			sourceTree = "<group>";
		};
		B79CF93F29777D0B00284B6D /* UserDefault */ = {
			isa = PBXGroup;
			children = (
				B79CF94029777D0B00284B6D /* UserDefaultsKey.swift */,
			);
			path = UserDefault;
			sourceTree = "<group>";
		};
		B79CF94229777DE500284B6D /* Network */ = {
			isa = PBXGroup;
			children = (
				B79CF94329777DE500284B6D /* NetworkManager.swift */,
				B79CF94429777DE500284B6D /* Model */,
			);
			path = Network;
			sourceTree = "<group>";
		};
		B79CF94429777DE500284B6D /* Model */ = {
			isa = PBXGroup;
			children = (
				B79CF94529777DE500284B6D /* ServiceURL.swift */,
				B79CF94629777DE500284B6D /* HTTPHeaderField.swift */,
				B79CF94729777DE500284B6D /* HTTPMethod.swift */,
				B79CF94829777DE500284B6D /* Response.swift */,
				B79CF94929777DE500284B6D /* ServiceError.swift */,
				B79CF94A29777DE500284B6D /* KurlyServer.swift */,
				B79CF94B29777DE500284B6D /* HTTPHeaderValue.swift */,
				B79CF94C29777DE500284B6D /* MultipartType.swift */,
				B79CF94D29777DE500284B6D /* URLRequestExtension.swift */,
				B79CF94E29777DE500284B6D /* HTTPStatusCode.swift */,
				B79CF94F29777DE500284B6D /* Host.swift */,
			);
			path = Model;
			sourceTree = "<group>";
		};
/* End PBXGroup section */

/* Begin PBXNativeTarget section */
		B78603802976C6FA000F611F /* Kurly */ = {
			isa = PBXNativeTarget;
			buildConfigurationList = B786038F2976C6FC000F611F /* Build configuration list for PBXNativeTarget "Kurly" */;
			buildPhases = (
				B786037D2976C6FA000F611F /* Sources */,
				B786037E2976C6FA000F611F /* Frameworks */,
				B786037F2976C6FA000F611F /* Resources */,
			);
			buildRules = (
			);
			dependencies = (
			);
			name = Kurly;
			productName = Kurly;
			productReference = B78603812976C6FA000F611F /* Kurly.app */;
			productType = "com.apple.product-type.application";
		};
/* End PBXNativeTarget section */

/* Begin PBXProject section */
		B78603792976C6FA000F611F /* Project object */ = {
			isa = PBXProject;
			attributes = {
				BuildIndependentTargetsInParallel = 1;
				LastSwiftUpdateCheck = 1420;
				LastUpgradeCheck = 1420;
				TargetAttributes = {
					B78603802976C6FA000F611F = {
						CreatedOnToolsVersion = 14.2;
					};
				};
			};
			buildConfigurationList = B786037C2976C6FA000F611F /* Build configuration list for PBXProject "Kurly" */;
			compatibilityVersion = "Xcode 14.0";
			developmentRegion = en;
			hasScannedForEncodings = 0;
			knownRegions = (
				en,
				Base,
			);
			mainGroup = B78603782976C6FA000F611F;
			productRefGroup = B78603822976C6FA000F611F /* Products */;
			projectDirPath = "";
			projectRoot = "";
			targets = (
				B78603802976C6FA000F611F /* Kurly */,
			);
		};
/* End PBXProject section */

/* Begin PBXResourcesBuildPhase section */
		B786037F2976C6FA000F611F /* Resources */ = {
			isa = PBXResourcesBuildPhase;
			buildActionMask = 2147483647;
			files = (
				B786038C2976C6FC000F611F /* Preview Assets.xcassets in Resources */,
				B78603892976C6FC000F611F /* Assets.xcassets in Resources */,
			);
			runOnlyForDeploymentPostprocessing = 0;
		};
/* End PBXResourcesBuildPhase section */

/* Begin PBXSourcesBuildPhase section */
		B786037D2976C6FA000F611F /* Sources */ = {
			isa = PBXSourcesBuildPhase;
			buildActionMask = 2147483647;
			files = (
				B78603872976C6FA000F611F /* ContentView.swift in Sources */,
				B79CF95229777DE500284B6D /* HTTPHeaderField.swift in Sources */,
				B79CF95829777DE500284B6D /* MultipartType.swift in Sources */,
				B7007C602976CACC000B874A /* LocaleManager.swift in Sources */,
				B79CF95329777DE500284B6D /* HTTPMethod.swift in Sources */,
				B79CF95929777DE500284B6D /* URLRequestExtension.swift in Sources */,
				B79CF95A29777DE500284B6D /* HTTPStatusCode.swift in Sources */,
				B79CF95429777DE500284B6D /* Response.swift in Sources */,
				B79CF95729777DE500284B6D /* HTTPHeaderValue.swift in Sources */,
				B78603852976C6FA000F611F /* KurlyApp.swift in Sources */,
				B79CF94129777D0B00284B6D /* UserDefaultsKey.swift in Sources */,
				B79CF95B29777DE500284B6D /* Host.swift in Sources */,
				B79CF95029777DE500284B6D /* NetworkManager.swift in Sources */,
				B79CF95529777DE500284B6D /* ServiceError.swift in Sources */,
				B79CF95129777DE500284B6D /* ServiceURL.swift in Sources */,
				B7007C592976C973000B874A /* LogType.swift in Sources */,
				B79CF93E29777C4800284B6D /* VersionManager.swift in Sources */,
				B79CF95629777DE500284B6D /* KurlyServer.swift in Sources */,
				B7007C5A2976C973000B874A /* Logger.swift in Sources */,
			);
			runOnlyForDeploymentPostprocessing = 0;
		};
/* End PBXSourcesBuildPhase section */

/* Begin XCBuildConfiguration section */
		B786038D2976C6FC000F611F /* Debug */ = {
			isa = XCBuildConfiguration;
			buildSettings = {
				ALWAYS_SEARCH_USER_PATHS = NO;
				CLANG_ANALYZER_NONNULL = YES;
				CLANG_ANALYZER_NUMBER_OBJECT_CONVERSION = YES_AGGRESSIVE;
				CLANG_CXX_LANGUAGE_STANDARD = "gnu++20";
				CLANG_ENABLE_MODULES = YES;
				CLANG_ENABLE_OBJC_ARC = YES;
				CLANG_ENABLE_OBJC_WEAK = YES;
				CLANG_WARN_BLOCK_CAPTURE_AUTORELEASING = YES;
				CLANG_WARN_BOOL_CONVERSION = YES;
				CLANG_WARN_COMMA = YES;
				CLANG_WARN_CONSTANT_CONVERSION = YES;
				CLANG_WARN_DEPRECATED_OBJC_IMPLEMENTATIONS = YES;
				CLANG_WARN_DIRECT_OBJC_ISA_USAGE = YES_ERROR;
				CLANG_WARN_DOCUMENTATION_COMMENTS = YES;
				CLANG_WARN_EMPTY_BODY = YES;
				CLANG_WARN_ENUM_CONVERSION = YES;
				CLANG_WARN_INFINITE_RECURSION = YES;
				CLANG_WARN_INT_CONVERSION = YES;
				CLANG_WARN_NON_LITERAL_NULL_CONVERSION = YES;
				CLANG_WARN_OBJC_IMPLICIT_RETAIN_SELF = YES;
				CLANG_WARN_OBJC_LITERAL_CONVERSION = YES;
				CLANG_WARN_OBJC_ROOT_CLASS = YES_ERROR;
				CLANG_WARN_QUOTED_INCLUDE_IN_FRAMEWORK_HEADER = YES;
				CLANG_WARN_RANGE_LOOP_ANALYSIS = YES;
				CLANG_WARN_STRICT_PROTOTYPES = YES;
				CLANG_WARN_SUSPICIOUS_MOVE = YES;
				CLANG_WARN_UNGUARDED_AVAILABILITY = YES_AGGRESSIVE;
				CLANG_WARN_UNREACHABLE_CODE = YES;
				CLANG_WARN__DUPLICATE_METHOD_MATCH = YES;
				COPY_PHASE_STRIP = NO;
				DEBUG_INFORMATION_FORMAT = dwarf;
				ENABLE_STRICT_OBJC_MSGSEND = YES;
				ENABLE_TESTABILITY = YES;
				GCC_C_LANGUAGE_STANDARD = gnu11;
				GCC_DYNAMIC_NO_PIC = NO;
				GCC_NO_COMMON_BLOCKS = YES;
				GCC_OPTIMIZATION_LEVEL = 0;
				GCC_PREPROCESSOR_DEFINITIONS = (
					"DEBUG=1",
					"$(inherited)",
				);
				GCC_WARN_64_TO_32_BIT_CONVERSION = YES;
				GCC_WARN_ABOUT_RETURN_TYPE = YES_ERROR;
				GCC_WARN_UNDECLARED_SELECTOR = YES;
				GCC_WARN_UNINITIALIZED_AUTOS = YES_AGGRESSIVE;
				GCC_WARN_UNUSED_FUNCTION = YES;
				GCC_WARN_UNUSED_VARIABLE = YES;
				IPHONEOS_DEPLOYMENT_TARGET = 16.2;
				MTL_ENABLE_DEBUG_INFO = INCLUDE_SOURCE;
				MTL_FAST_MATH = YES;
				ONLY_ACTIVE_ARCH = YES;
				SDKROOT = iphoneos;
				SWIFT_ACTIVE_COMPILATION_CONDITIONS = DEBUG;
				SWIFT_OPTIMIZATION_LEVEL = "-Onone";
			};
			name = Debug;
		};
		B786038E2976C6FC000F611F /* Release */ = {
			isa = XCBuildConfiguration;
			buildSettings = {
				ALWAYS_SEARCH_USER_PATHS = NO;
				CLANG_ANALYZER_NONNULL = YES;
				CLANG_ANALYZER_NUMBER_OBJECT_CONVERSION = YES_AGGRESSIVE;
				CLANG_CXX_LANGUAGE_STANDARD = "gnu++20";
				CLANG_ENABLE_MODULES = YES;
				CLANG_ENABLE_OBJC_ARC = YES;
				CLANG_ENABLE_OBJC_WEAK = YES;
				CLANG_WARN_BLOCK_CAPTURE_AUTORELEASING = YES;
				CLANG_WARN_BOOL_CONVERSION = YES;
				CLANG_WARN_COMMA = YES;
				CLANG_WARN_CONSTANT_CONVERSION = YES;
				CLANG_WARN_DEPRECATED_OBJC_IMPLEMENTATIONS = YES;
				CLANG_WARN_DIRECT_OBJC_ISA_USAGE = YES_ERROR;
				CLANG_WARN_DOCUMENTATION_COMMENTS = YES;
				CLANG_WARN_EMPTY_BODY = YES;
				CLANG_WARN_ENUM_CONVERSION = YES;
				CLANG_WARN_INFINITE_RECURSION = YES;
				CLANG_WARN_INT_CONVERSION = YES;
				CLANG_WARN_NON_LITERAL_NULL_CONVERSION = YES;
				CLANG_WARN_OBJC_IMPLICIT_RETAIN_SELF = YES;
				CLANG_WARN_OBJC_LITERAL_CONVERSION = YES;
				CLANG_WARN_OBJC_ROOT_CLASS = YES_ERROR;
				CLANG_WARN_QUOTED_INCLUDE_IN_FRAMEWORK_HEADER = YES;
				CLANG_WARN_RANGE_LOOP_ANALYSIS = YES;
				CLANG_WARN_STRICT_PROTOTYPES = YES;
				CLANG_WARN_SUSPICIOUS_MOVE = YES;
				CLANG_WARN_UNGUARDED_AVAILABILITY = YES_AGGRESSIVE;
				CLANG_WARN_UNREACHABLE_CODE = YES;
				CLANG_WARN__DUPLICATE_METHOD_MATCH = YES;
				COPY_PHASE_STRIP = NO;
				DEBUG_INFORMATION_FORMAT = "dwarf-with-dsym";
				ENABLE_NS_ASSERTIONS = NO;
				ENABLE_STRICT_OBJC_MSGSEND = YES;
				GCC_C_LANGUAGE_STANDARD = gnu11;
				GCC_NO_COMMON_BLOCKS = YES;
				GCC_WARN_64_TO_32_BIT_CONVERSION = YES;
				GCC_WARN_ABOUT_RETURN_TYPE = YES_ERROR;
				GCC_WARN_UNDECLARED_SELECTOR = YES;
				GCC_WARN_UNINITIALIZED_AUTOS = YES_AGGRESSIVE;
				GCC_WARN_UNUSED_FUNCTION = YES;
				GCC_WARN_UNUSED_VARIABLE = YES;
				IPHONEOS_DEPLOYMENT_TARGET = 16.2;
				MTL_ENABLE_DEBUG_INFO = NO;
				MTL_FAST_MATH = YES;
				SDKROOT = iphoneos;
				SWIFT_COMPILATION_MODE = wholemodule;
				SWIFT_OPTIMIZATION_LEVEL = "-O";
				VALIDATE_PRODUCT = YES;
			};
			name = Release;
		};
		B78603902976C6FC000F611F /* Debug */ = {
			isa = XCBuildConfiguration;
			buildSettings = {
				ASSETCATALOG_COMPILER_APPICON_NAME = AppIcon;
				ASSETCATALOG_COMPILER_GLOBAL_ACCENT_COLOR_NAME = AccentColor;
				CODE_SIGN_STYLE = Automatic;
				CURRENT_PROJECT_VERSION = 1;
				DEVELOPMENT_ASSET_PATHS = "\"Kurly/Preview Content\"";
				DEVELOPMENT_TEAM = C75HZNC664;
				ENABLE_PREVIEWS = YES;
				GENERATE_INFOPLIST_FILE = YES;
				INFOPLIST_KEY_LSApplicationCategoryType = "public.app-category.shopping";
				INFOPLIST_KEY_UIApplicationSceneManifest_Generation = YES;
				INFOPLIST_KEY_UIApplicationSupportsIndirectInputEvents = YES;
				INFOPLIST_KEY_UILaunchScreen_Generation = YES;
				INFOPLIST_KEY_UISupportedInterfaceOrientations = "UIInterfaceOrientationLandscapeLeft UIInterfaceOrientationLandscapeRight UIInterfaceOrientationPortrait UIInterfaceOrientationPortraitUpsideDown";
				IPHONEOS_DEPLOYMENT_TARGET = 15.0;
				LD_RUNPATH_SEARCH_PATHS = (
					"$(inherited)",
					"@executable_path/Frameworks",
				);
				MARKETING_VERSION = 1.0.0;
				PRODUCT_BUNDLE_IDENTIFIER = nilotic.Kurly;
				PRODUCT_NAME = "$(TARGET_NAME)";
				SWIFT_EMIT_LOC_STRINGS = YES;
				SWIFT_VERSION = 5.0;
				TARGETED_DEVICE_FAMILY = "1,2";
			};
			name = Debug;
		};
		B78603912976C6FC000F611F /* Release */ = {
			isa = XCBuildConfiguration;
			buildSettings = {
				ASSETCATALOG_COMPILER_APPICON_NAME = AppIcon;
				ASSETCATALOG_COMPILER_GLOBAL_ACCENT_COLOR_NAME = AccentColor;
				CODE_SIGN_STYLE = Automatic;
				CURRENT_PROJECT_VERSION = 1;
				DEVELOPMENT_ASSET_PATHS = "\"Kurly/Preview Content\"";
				DEVELOPMENT_TEAM = C75HZNC664;
				ENABLE_PREVIEWS = YES;
				GENERATE_INFOPLIST_FILE = YES;
				INFOPLIST_KEY_LSApplicationCategoryType = "public.app-category.shopping";
				INFOPLIST_KEY_UIApplicationSceneManifest_Generation = YES;
				INFOPLIST_KEY_UIApplicationSupportsIndirectInputEvents = YES;
				INFOPLIST_KEY_UILaunchScreen_Generation = YES;
				INFOPLIST_KEY_UISupportedInterfaceOrientations = "UIInterfaceOrientationLandscapeLeft UIInterfaceOrientationLandscapeRight UIInterfaceOrientationPortrait UIInterfaceOrientationPortraitUpsideDown";
				IPHONEOS_DEPLOYMENT_TARGET = 15.0;
				LD_RUNPATH_SEARCH_PATHS = (
					"$(inherited)",
					"@executable_path/Frameworks",
				);
				MARKETING_VERSION = 1.0.0;
				PRODUCT_BUNDLE_IDENTIFIER = nilotic.Kurly;
				PRODUCT_NAME = "$(TARGET_NAME)";
				SWIFT_EMIT_LOC_STRINGS = YES;
				SWIFT_VERSION = 5.0;
				TARGETED_DEVICE_FAMILY = "1,2";
			};
			name = Release;
		};
/* End XCBuildConfiguration section */

/* Begin XCConfigurationList section */
		B786037C2976C6FA000F611F /* Build configuration list for PBXProject "Kurly" */ = {
			isa = XCConfigurationList;
			buildConfigurations = (
				B786038D2976C6FC000F611F /* Debug */,
				B786038E2976C6FC000F611F /* Release */,
			);
			defaultConfigurationIsVisible = 0;
			defaultConfigurationName = Release;
		};
		B786038F2976C6FC000F611F /* Build configuration list for PBXNativeTarget "Kurly" */ = {
			isa = XCConfigurationList;
			buildConfigurations = (
				B78603902976C6FC000F611F /* Debug */,
				B78603912976C6FC000F611F /* Release */,
			);
			defaultConfigurationIsVisible = 0;
			defaultConfigurationName = Release;
		};
/* End XCConfigurationList section */
	};
	rootObject = B78603792976C6FA000F611F /* Project object */;
}
