// !$*UTF8*$!
{
	archiveVersion = 1;
	classes = {
	};
	objectVersion = 56;
	objects = {

/* Begin PBXBuildFile section */
		B7007C592976C973000B874A /* LogType.swift in Sources */ = {isa = PBXBuildFile; fileRef = B7007C572976C973000B874A /* LogType.swift */; };
		B7007C5A2976C973000B874A /* Logger.swift in Sources */ = {isa = PBXBuildFile; fileRef = B7007C582976C973000B874A /* Logger.swift */; };
		B7024539297BC2010058EFB3 /* SearchAutoCompletesData.swift in Sources */ = {isa = PBXBuildFile; fileRef = B7024538297BC2010058EFB3 /* SearchAutoCompletesData.swift */; };
		B702453B297BC2060058EFB3 /* SearchAutoCompletesView.swift in Sources */ = {isa = PBXBuildFile; fileRef = B702453A297BC2060058EFB3 /* SearchAutoCompletesView.swift */; };
		B70D6FBB2977807B00D3F45D /* SearchData.swift in Sources */ = {isa = PBXBuildFile; fileRef = B70D6FB92977807B00D3F45D /* SearchData.swift */; };
		B70D6FBC2977807B00D3F45D /* SearchView.swift in Sources */ = {isa = PBXBuildFile; fileRef = B70D6FBA2977807B00D3F45D /* SearchView.swift */; };
		B7141EEB297EA42000D90783 /* KurlyApp.swift in Sources */ = {isa = PBXBuildFile; fileRef = B78603842976C6FA000F611F /* KurlyApp.swift */; };
		B7141EEC297EA42400D90783 /* SearchView.swift in Sources */ = {isa = PBXBuildFile; fileRef = B70D6FBA2977807B00D3F45D /* SearchView.swift */; };
		B7141EED297EA42900D90783 /* SearchKeywordsView.swift in Sources */ = {isa = PBXBuildFile; fileRef = B7E38B3D297817F000A9C791 /* SearchKeywordsView.swift */; };
		B7141EEE297EA42F00D90783 /* SearchKeywordView.swift in Sources */ = {isa = PBXBuildFile; fileRef = B7E38B3F297819FE00A9C791 /* SearchKeywordView.swift */; };
		B7141EEF297EA43900D90783 /* SearchAutoCompletesView.swift in Sources */ = {isa = PBXBuildFile; fileRef = B702453A297BC2060058EFB3 /* SearchAutoCompletesView.swift */; };
		B7141EF0297EA43E00D90783 /* SearchAutocompleteView.swift in Sources */ = {isa = PBXBuildFile; fileRef = B77157AD297B76E8003F6A5D /* SearchAutocompleteView.swift */; };
		B7141EF1297EA44900D90783 /* SearchResultView.swift in Sources */ = {isa = PBXBuildFile; fileRef = B7BC3F49297900650071DB71 /* SearchResultView.swift */; };
		B7141EF2297EA45100D90783 /* GitHubRepositoryView.swift in Sources */ = {isa = PBXBuildFile; fileRef = B7BC3F50297900650071DB71 /* GitHubRepositoryView.swift */; };
		B7141EF3297EA45100D90783 /* GitHubRepositoryProgressView.swift in Sources */ = {isa = PBXBuildFile; fileRef = B71E985E297A4F9500844AE6 /* GitHubRepositoryProgressView.swift */; };
		B7141EF4297EA46500D90783 /* ImageView.swift in Sources */ = {isa = PBXBuildFile; fileRef = B7BC3F59297900DA0071DB71 /* ImageView.swift */; };
		B7141EF6297EA46D00D90783 /* ToastModifier.swift in Sources */ = {isa = PBXBuildFile; fileRef = B76E1CAB2978FD1600A94AEA /* ToastModifier.swift */; };
		B7141EF7297EA47100D90783 /* ViewExtension.swift in Sources */ = {isa = PBXBuildFile; fileRef = B76E1CAD2978FD1600A94AEA /* ViewExtension.swift */; };
		B7141EF8297EA49E00D90783 /* Assets.xcassets in Resources */ = {isa = PBXBuildFile; fileRef = B78603882976C6FC000F611F /* Assets.xcassets */; };
		B71E985F297A4F9500844AE6 /* GitHubRepositoryProgressView.swift in Sources */ = {isa = PBXBuildFile; fileRef = B71E985E297A4F9500844AE6 /* GitHubRepositoryProgressView.swift */; };
		B72FBA0C2978E57E00AAA960 /* SearchKeywordsData.swift in Sources */ = {isa = PBXBuildFile; fileRef = B72FBA0B2978E57E00AAA960 /* SearchKeywordsData.swift */; };
		B76E1CAF2978FD1600A94AEA /* ToastModifier.swift in Sources */ = {isa = PBXBuildFile; fileRef = B76E1CAB2978FD1600A94AEA /* ToastModifier.swift */; };
		B76E1CB02978FD1600A94AEA /* ViewExtension.swift in Sources */ = {isa = PBXBuildFile; fileRef = B76E1CAD2978FD1600A94AEA /* ViewExtension.swift */; };
		B76E1CB52978FD2700A94AEA /* LocaleManager.swift in Sources */ = {isa = PBXBuildFile; fileRef = B76E1CB22978FD2700A94AEA /* LocaleManager.swift */; };
		B76E1CB62978FD2700A94AEA /* ImageManager.swift in Sources */ = {isa = PBXBuildFile; fileRef = B76E1CB42978FD2700A94AEA /* ImageManager.swift */; };
		B77157A8297B6FD6003F6A5D /* SearchCoreDataManager.swift in Sources */ = {isa = PBXBuildFile; fileRef = B77157A7297B6FD6003F6A5D /* SearchCoreDataManager.swift */; };
		B77157AB297B76DB003F6A5D /* SearchAutocomplete.swift in Sources */ = {isa = PBXBuildFile; fileRef = B77157AA297B76DB003F6A5D /* SearchAutocomplete.swift */; };
		B77157AE297B76E8003F6A5D /* SearchAutocompleteView.swift in Sources */ = {isa = PBXBuildFile; fileRef = B77157AD297B76E8003F6A5D /* SearchAutocompleteView.swift */; };
		B77157B1297B77B3003F6A5D /* DateExtension.swift in Sources */ = {isa = PBXBuildFile; fileRef = B77157B0297B77B3003F6A5D /* DateExtension.swift */; };
		B77157B3297B77CF003F6A5D /* DateFormat.swift in Sources */ = {isa = PBXBuildFile; fileRef = B77157B2297B77CF003F6A5D /* DateFormat.swift */; };
		B77157B9297B7E7E003F6A5D /* Search.xcdatamodeld in Sources */ = {isa = PBXBuildFile; fileRef = B77157B7297B7E7E003F6A5D /* Search.xcdatamodeld */; };
		B78603852976C6FA000F611F /* KurlyApp.swift in Sources */ = {isa = PBXBuildFile; fileRef = B78603842976C6FA000F611F /* KurlyApp.swift */; };
		B78603892976C6FC000F611F /* Assets.xcassets in Resources */ = {isa = PBXBuildFile; fileRef = B78603882976C6FC000F611F /* Assets.xcassets */; };
		B786038C2976C6FC000F611F /* Preview Assets.xcassets in Resources */ = {isa = PBXBuildFile; fileRef = B786038B2976C6FC000F611F /* Preview Assets.xcassets */; };
		B79CF93E29777C4800284B6D /* VersionManager.swift in Sources */ = {isa = PBXBuildFile; fileRef = B79CF93D29777C4800284B6D /* VersionManager.swift */; };
		B79CF94129777D0B00284B6D /* UserDefaultsKey.swift in Sources */ = {isa = PBXBuildFile; fileRef = B79CF94029777D0B00284B6D /* UserDefaultsKey.swift */; };
		B79CF95029777DE500284B6D /* NetworkManager.swift in Sources */ = {isa = PBXBuildFile; fileRef = B79CF94329777DE500284B6D /* NetworkManager.swift */; };
		B79CF95129777DE500284B6D /* ServiceURL.swift in Sources */ = {isa = PBXBuildFile; fileRef = B79CF94529777DE500284B6D /* ServiceURL.swift */; };
		B79CF95229777DE500284B6D /* HTTPHeaderField.swift in Sources */ = {isa = PBXBuildFile; fileRef = B79CF94629777DE500284B6D /* HTTPHeaderField.swift */; };
		B79CF95329777DE500284B6D /* HTTPMethod.swift in Sources */ = {isa = PBXBuildFile; fileRef = B79CF94729777DE500284B6D /* HTTPMethod.swift */; };
		B79CF95429777DE500284B6D /* Response.swift in Sources */ = {isa = PBXBuildFile; fileRef = B79CF94829777DE500284B6D /* Response.swift */; };
		B79CF95529777DE500284B6D /* ServiceError.swift in Sources */ = {isa = PBXBuildFile; fileRef = B79CF94929777DE500284B6D /* ServiceError.swift */; };
		B79CF95629777DE500284B6D /* KurlyServer.swift in Sources */ = {isa = PBXBuildFile; fileRef = B79CF94A29777DE500284B6D /* KurlyServer.swift */; };
		B79CF95729777DE500284B6D /* HTTPHeaderValue.swift in Sources */ = {isa = PBXBuildFile; fileRef = B79CF94B29777DE500284B6D /* HTTPHeaderValue.swift */; };
		B79CF95829777DE500284B6D /* MultipartType.swift in Sources */ = {isa = PBXBuildFile; fileRef = B79CF94C29777DE500284B6D /* MultipartType.swift */; };
		B79CF95929777DE500284B6D /* URLRequestExtension.swift in Sources */ = {isa = PBXBuildFile; fileRef = B79CF94D29777DE500284B6D /* URLRequestExtension.swift */; };
		B79CF95A29777DE500284B6D /* HTTPStatusCode.swift in Sources */ = {isa = PBXBuildFile; fileRef = B79CF94E29777DE500284B6D /* HTTPStatusCode.swift */; };
		B79CF95B29777DE500284B6D /* Host.swift in Sources */ = {isa = PBXBuildFile; fileRef = B79CF94F29777DE500284B6D /* Host.swift */; };
		B7AE20AB2977B13100BCACF8 /* HTTPHeaderApplicationType.swift in Sources */ = {isa = PBXBuildFile; fileRef = B7AE20AA2977B13100BCACF8 /* HTTPHeaderApplicationType.swift */; };
		B7AE20B52977BBC300BCACF8 /* Localizable.strings in Resources */ = {isa = PBXBuildFile; fileRef = B7AE20B72977BBC300BCACF8 /* Localizable.strings */; };
		B7AE20B82977BBC600BCACF8 /* Localizable.stringsdict in Resources */ = {isa = PBXBuildFile; fileRef = B7AE20BA2977BBC600BCACF8 /* Localizable.stringsdict */; };
		B7BC3F51297900650071DB71 /* SearchResultData.swift in Sources */ = {isa = PBXBuildFile; fileRef = B7BC3F48297900650071DB71 /* SearchResultData.swift */; };
		B7BC3F52297900650071DB71 /* SearchResultView.swift in Sources */ = {isa = PBXBuildFile; fileRef = B7BC3F49297900650071DB71 /* SearchResultView.swift */; };
		B7BC3F53297900660071DB71 /* SearchRequest.swift in Sources */ = {isa = PBXBuildFile; fileRef = B7BC3F4B297900650071DB71 /* SearchRequest.swift */; };
		B7BC3F54297900660071DB71 /* GitHubRepository.swift in Sources */ = {isa = PBXBuildFile; fileRef = B7BC3F4C297900650071DB71 /* GitHubRepository.swift */; };
		B7BC3F55297900660071DB71 /* SearchResponse.swift in Sources */ = {isa = PBXBuildFile; fileRef = B7BC3F4D297900650071DB71 /* SearchResponse.swift */; };
		B7BC3F56297900660071DB71 /* GitHubRepositoryOwner.swift in Sources */ = {isa = PBXBuildFile; fileRef = B7BC3F4E297900650071DB71 /* GitHubRepositoryOwner.swift */; };
		B7BC3F57297900660071DB71 /* GitHubRepositoryView.swift in Sources */ = {isa = PBXBuildFile; fileRef = B7BC3F50297900650071DB71 /* GitHubRepositoryView.swift */; };
		B7BC3F5A297900DA0071DB71 /* ImageView.swift in Sources */ = {isa = PBXBuildFile; fileRef = B7BC3F59297900DA0071DB71 /* ImageView.swift */; };
		B7DB563D2977A972001FD8FE /* SearchKeyword.swift in Sources */ = {isa = PBXBuildFile; fileRef = B7DB563C2977A972001FD8FE /* SearchKeyword.swift */; };
		B7E38B3E297817F000A9C791 /* SearchKeywordsView.swift in Sources */ = {isa = PBXBuildFile; fileRef = B7E38B3D297817F000A9C791 /* SearchKeywordsView.swift */; };
		B7E38B40297819FE00A9C791 /* SearchKeywordView.swift in Sources */ = {isa = PBXBuildFile; fileRef = B7E38B3F297819FE00A9C791 /* SearchKeywordView.swift */; };
		B7E80C28297C02E2008A129D /* KurlyTests.swift in Sources */ = {isa = PBXBuildFile; fileRef = B7E80C27297C02E2008A129D /* KurlyTests.swift */; };
		B7E80C2E297C0525008A129D /* DateExtension.swift in Sources */ = {isa = PBXBuildFile; fileRef = B77157B0297B77B3003F6A5D /* DateExtension.swift */; };
		B7E80C2F297C0528008A129D /* DateFormat.swift in Sources */ = {isa = PBXBuildFile; fileRef = B77157B2297B77CF003F6A5D /* DateFormat.swift */; };
		B7E80C30297C0530008A129D /* ImageManager.swift in Sources */ = {isa = PBXBuildFile; fileRef = B76E1CB42978FD2700A94AEA /* ImageManager.swift */; };
		B7E80C31297C0534008A129D /* LocaleManager.swift in Sources */ = {isa = PBXBuildFile; fileRef = B76E1CB22978FD2700A94AEA /* LocaleManager.swift */; };
		B7E80C32297C0539008A129D /* Logger.swift in Sources */ = {isa = PBXBuildFile; fileRef = B7007C582976C973000B874A /* Logger.swift */; };
		B7E80C33297C053C008A129D /* LogType.swift in Sources */ = {isa = PBXBuildFile; fileRef = B7007C572976C973000B874A /* LogType.swift */; };
		B7E80C34297C0541008A129D /* NetworkManager.swift in Sources */ = {isa = PBXBuildFile; fileRef = B79CF94329777DE500284B6D /* NetworkManager.swift */; };
		B7E80C35297C0546008A129D /* Response.swift in Sources */ = {isa = PBXBuildFile; fileRef = B79CF94829777DE500284B6D /* Response.swift */; };
		B7E80C36297C0546008A129D /* HTTPHeaderApplicationType.swift in Sources */ = {isa = PBXBuildFile; fileRef = B7AE20AA2977B13100BCACF8 /* HTTPHeaderApplicationType.swift */; };
		B7E80C37297C0546008A129D /* MultipartType.swift in Sources */ = {isa = PBXBuildFile; fileRef = B79CF94C29777DE500284B6D /* MultipartType.swift */; };
		B7E80C38297C0546008A129D /* HTTPHeaderValue.swift in Sources */ = {isa = PBXBuildFile; fileRef = B79CF94B29777DE500284B6D /* HTTPHeaderValue.swift */; };
		B7E80C39297C0546008A129D /* ServiceError.swift in Sources */ = {isa = PBXBuildFile; fileRef = B79CF94929777DE500284B6D /* ServiceError.swift */; };
		B7E80C3A297C0546008A129D /* ServiceURL.swift in Sources */ = {isa = PBXBuildFile; fileRef = B79CF94529777DE500284B6D /* ServiceURL.swift */; };
		B7E80C3B297C0546008A129D /* Host.swift in Sources */ = {isa = PBXBuildFile; fileRef = B79CF94F29777DE500284B6D /* Host.swift */; };
		B7E80C3C297C0546008A129D /* HTTPMethod.swift in Sources */ = {isa = PBXBuildFile; fileRef = B79CF94729777DE500284B6D /* HTTPMethod.swift */; };
		B7E80C3D297C0546008A129D /* KurlyServer.swift in Sources */ = {isa = PBXBuildFile; fileRef = B79CF94A29777DE500284B6D /* KurlyServer.swift */; };
		B7E80C3E297C0546008A129D /* HTTPHeaderField.swift in Sources */ = {isa = PBXBuildFile; fileRef = B79CF94629777DE500284B6D /* HTTPHeaderField.swift */; };
		B7E80C3F297C0546008A129D /* HTTPStatusCode.swift in Sources */ = {isa = PBXBuildFile; fileRef = B79CF94E29777DE500284B6D /* HTTPStatusCode.swift */; };
		B7E80C40297C0546008A129D /* URLRequestExtension.swift in Sources */ = {isa = PBXBuildFile; fileRef = B79CF94D29777DE500284B6D /* URLRequestExtension.swift */; };
		B7E80C41297C054B008A129D /* UserDefaultsKey.swift in Sources */ = {isa = PBXBuildFile; fileRef = B79CF94029777D0B00284B6D /* UserDefaultsKey.swift */; };
		B7E80C42297C054F008A129D /* VersionManager.swift in Sources */ = {isa = PBXBuildFile; fileRef = B79CF93D29777C4800284B6D /* VersionManager.swift */; };
		B7E80C43297C0556008A129D /* Localizable.stringsdict in Resources */ = {isa = PBXBuildFile; fileRef = B7AE20BA2977BBC600BCACF8 /* Localizable.stringsdict */; };
		B7E80C44297C0556008A129D /* Localizable.strings in Resources */ = {isa = PBXBuildFile; fileRef = B7AE20B72977BBC300BCACF8 /* Localizable.strings */; };
		B7E80C45297C0568008A129D /* SearchData.swift in Sources */ = {isa = PBXBuildFile; fileRef = B70D6FB92977807B00D3F45D /* SearchData.swift */; };
		B7E80C46297C056A008A129D /* SearchKeywordsData.swift in Sources */ = {isa = PBXBuildFile; fileRef = B72FBA0B2978E57E00AAA960 /* SearchKeywordsData.swift */; };
		B7E80C47297C056D008A129D /* SearchKeyword.swift in Sources */ = {isa = PBXBuildFile; fileRef = B7DB563C2977A972001FD8FE /* SearchKeyword.swift */; };
		B7E80C48297C0571008A129D /* SearchAutoCompletesData.swift in Sources */ = {isa = PBXBuildFile; fileRef = B7024538297BC2010058EFB3 /* SearchAutoCompletesData.swift */; };
		B7E80C49297C0574008A129D /* SearchAutocomplete.swift in Sources */ = {isa = PBXBuildFile; fileRef = B77157AA297B76DB003F6A5D /* SearchAutocomplete.swift */; };
		B7E80C4A297C057E008A129D /* GitHubRepository.swift in Sources */ = {isa = PBXBuildFile; fileRef = B7BC3F4C297900650071DB71 /* GitHubRepository.swift */; };
		B7E80C4B297C057E008A129D /* SearchRequest.swift in Sources */ = {isa = PBXBuildFile; fileRef = B7BC3F4B297900650071DB71 /* SearchRequest.swift */; };
		B7E80C4C297C057E008A129D /* GitHubRepositoryOwner.swift in Sources */ = {isa = PBXBuildFile; fileRef = B7BC3F4E297900650071DB71 /* GitHubRepositoryOwner.swift */; };
		B7E80C4D297C057E008A129D /* SearchResponse.swift in Sources */ = {isa = PBXBuildFile; fileRef = B7BC3F4D297900650071DB71 /* SearchResponse.swift */; };
		B7E80C4E297C0586008A129D /* SearchCoreDataManager.swift in Sources */ = {isa = PBXBuildFile; fileRef = B77157A7297B6FD6003F6A5D /* SearchCoreDataManager.swift */; };
		B7E80C4F297C0589008A129D /* Search.xcdatamodeld in Sources */ = {isa = PBXBuildFile; fileRef = B77157B7297B7E7E003F6A5D /* Search.xcdatamodeld */; };
		B7E80C57297C0F32008A129D /* KurlyUITests.swift in Sources */ = {isa = PBXBuildFile; fileRef = B7E80C56297C0F32008A129D /* KurlyUITests.swift */; };
		B7E80C59297C0F32008A129D /* KurlyUITestsLaunchTests.swift in Sources */ = {isa = PBXBuildFile; fileRef = B7E80C58297C0F32008A129D /* KurlyUITestsLaunchTests.swift */; };
		B7E80C60297C0F3C008A129D /* KurlyApp.swift in Sources */ = {isa = PBXBuildFile; fileRef = B78603842976C6FA000F611F /* KurlyApp.swift */; };
		B7E80C61297C0F43008A129D /* SearchData.swift in Sources */ = {isa = PBXBuildFile; fileRef = B70D6FB92977807B00D3F45D /* SearchData.swift */; };
		B7E80C62297C0F43008A129D /* SearchView.swift in Sources */ = {isa = PBXBuildFile; fileRef = B70D6FBA2977807B00D3F45D /* SearchView.swift */; };
		B7E80C63297C0F4B008A129D /* SearchKeywordsView.swift in Sources */ = {isa = PBXBuildFile; fileRef = B7E38B3D297817F000A9C791 /* SearchKeywordsView.swift */; };
		B7E80C64297C0F4B008A129D /* SearchKeywordsData.swift in Sources */ = {isa = PBXBuildFile; fileRef = B72FBA0B2978E57E00AAA960 /* SearchKeywordsData.swift */; };
		B7E80C65297C0F51008A129D /* SearchAutoCompletesView.swift in Sources */ = {isa = PBXBuildFile; fileRef = B702453A297BC2060058EFB3 /* SearchAutoCompletesView.swift */; };
		B7E80C66297C0F51008A129D /* SearchAutoCompletesData.swift in Sources */ = {isa = PBXBuildFile; fileRef = B7024538297BC2010058EFB3 /* SearchAutoCompletesData.swift */; };
		B7E80C67297C0F58008A129D /* SearchKeywordView.swift in Sources */ = {isa = PBXBuildFile; fileRef = B7E38B3F297819FE00A9C791 /* SearchKeywordView.swift */; };
		B7E80C68297C0F5B008A129D /* SearchKeyword.swift in Sources */ = {isa = PBXBuildFile; fileRef = B7DB563C2977A972001FD8FE /* SearchKeyword.swift */; };
		B7E80C69297C0F68008A129D /* SearchAutocompleteView.swift in Sources */ = {isa = PBXBuildFile; fileRef = B77157AD297B76E8003F6A5D /* SearchAutocompleteView.swift */; };
		B7E80C6A297C0F6B008A129D /* SearchAutocomplete.swift in Sources */ = {isa = PBXBuildFile; fileRef = B77157AA297B76DB003F6A5D /* SearchAutocomplete.swift */; };
		B7E80C6B297C0F74008A129D /* SearchResultView.swift in Sources */ = {isa = PBXBuildFile; fileRef = B7BC3F49297900650071DB71 /* SearchResultView.swift */; };
		B7E80C6C297C0F74008A129D /* SearchResultData.swift in Sources */ = {isa = PBXBuildFile; fileRef = B7BC3F48297900650071DB71 /* SearchResultData.swift */; };
		B7E80C6D297C0F7B008A129D /* SearchResultData.swift in Sources */ = {isa = PBXBuildFile; fileRef = B7BC3F48297900650071DB71 /* SearchResultData.swift */; };
		B7E80C6E297C0F81008A129D /* SearchCoreDataManager.swift in Sources */ = {isa = PBXBuildFile; fileRef = B77157A7297B6FD6003F6A5D /* SearchCoreDataManager.swift */; };
		B7E80C6F297C0F83008A129D /* Search.xcdatamodeld in Sources */ = {isa = PBXBuildFile; fileRef = B77157B7297B7E7E003F6A5D /* Search.xcdatamodeld */; };
		B7E80C70297C0F8E008A129D /* GitHubRepository.swift in Sources */ = {isa = PBXBuildFile; fileRef = B7BC3F4C297900650071DB71 /* GitHubRepository.swift */; };
		B7E80C71297C0F8E008A129D /* GitHubRepositoryOwner.swift in Sources */ = {isa = PBXBuildFile; fileRef = B7BC3F4E297900650071DB71 /* GitHubRepositoryOwner.swift */; };
		B7E80C72297C0F8E008A129D /* SearchResponse.swift in Sources */ = {isa = PBXBuildFile; fileRef = B7BC3F4D297900650071DB71 /* SearchResponse.swift */; };
		B7E80C73297C0F8E008A129D /* SearchRequest.swift in Sources */ = {isa = PBXBuildFile; fileRef = B7BC3F4B297900650071DB71 /* SearchRequest.swift */; };
		B7E80C74297C0F94008A129D /* GitHubRepositoryView.swift in Sources */ = {isa = PBXBuildFile; fileRef = B7BC3F50297900650071DB71 /* GitHubRepositoryView.swift */; };
		B7E80C75297C0F94008A129D /* GitHubRepositoryProgressView.swift in Sources */ = {isa = PBXBuildFile; fileRef = B71E985E297A4F9500844AE6 /* GitHubRepositoryProgressView.swift */; };
		B7E80C76297C0FC5008A129D /* ToastModifier.swift in Sources */ = {isa = PBXBuildFile; fileRef = B76E1CAB2978FD1600A94AEA /* ToastModifier.swift */; };
		B7E80C77297C0FC5008A129D /* ViewExtension.swift in Sources */ = {isa = PBXBuildFile; fileRef = B76E1CAD2978FD1600A94AEA /* ViewExtension.swift */; };
		B7E80C78297C0FC5008A129D /* ImageView.swift in Sources */ = {isa = PBXBuildFile; fileRef = B7BC3F59297900DA0071DB71 /* ImageView.swift */; };
		B7E80C7A297C0FDC008A129D /* UserDefaultsKey.swift in Sources */ = {isa = PBXBuildFile; fileRef = B79CF94029777D0B00284B6D /* UserDefaultsKey.swift */; };
		B7E80C7B297C0FDC008A129D /* VersionManager.swift in Sources */ = {isa = PBXBuildFile; fileRef = B79CF93D29777C4800284B6D /* VersionManager.swift */; };
		B7E80C7C297C0FDC008A129D /* ServiceURL.swift in Sources */ = {isa = PBXBuildFile; fileRef = B79CF94529777DE500284B6D /* ServiceURL.swift */; };
		B7E80C7D297C0FDC008A129D /* HTTPHeaderField.swift in Sources */ = {isa = PBXBuildFile; fileRef = B79CF94629777DE500284B6D /* HTTPHeaderField.swift */; };
		B7E80C7E297C0FDC008A129D /* Host.swift in Sources */ = {isa = PBXBuildFile; fileRef = B79CF94F29777DE500284B6D /* Host.swift */; };
		B7E80C7F297C0FDC008A129D /* Response.swift in Sources */ = {isa = PBXBuildFile; fileRef = B79CF94829777DE500284B6D /* Response.swift */; };
		B7E80C80297C0FDC008A129D /* KurlyServer.swift in Sources */ = {isa = PBXBuildFile; fileRef = B79CF94A29777DE500284B6D /* KurlyServer.swift */; };
		B7E80C81297C0FDC008A129D /* HTTPStatusCode.swift in Sources */ = {isa = PBXBuildFile; fileRef = B79CF94E29777DE500284B6D /* HTTPStatusCode.swift */; };
		B7E80C82297C0FDC008A129D /* URLRequestExtension.swift in Sources */ = {isa = PBXBuildFile; fileRef = B79CF94D29777DE500284B6D /* URLRequestExtension.swift */; };
		B7E80C83297C0FDC008A129D /* HTTPHeaderApplicationType.swift in Sources */ = {isa = PBXBuildFile; fileRef = B7AE20AA2977B13100BCACF8 /* HTTPHeaderApplicationType.swift */; };
		B7E80C84297C0FDC008A129D /* ServiceError.swift in Sources */ = {isa = PBXBuildFile; fileRef = B79CF94929777DE500284B6D /* ServiceError.swift */; };
		B7E80C85297C0FDC008A129D /* HTTPMethod.swift in Sources */ = {isa = PBXBuildFile; fileRef = B79CF94729777DE500284B6D /* HTTPMethod.swift */; };
		B7E80C86297C0FDC008A129D /* HTTPHeaderValue.swift in Sources */ = {isa = PBXBuildFile; fileRef = B79CF94B29777DE500284B6D /* HTTPHeaderValue.swift */; };
		B7E80C87297C0FDC008A129D /* MultipartType.swift in Sources */ = {isa = PBXBuildFile; fileRef = B79CF94C29777DE500284B6D /* MultipartType.swift */; };
		B7E80C88297C0FE3008A129D /* Logger.swift in Sources */ = {isa = PBXBuildFile; fileRef = B7007C582976C973000B874A /* Logger.swift */; };
		B7E80C89297C0FE3008A129D /* DateExtension.swift in Sources */ = {isa = PBXBuildFile; fileRef = B77157B0297B77B3003F6A5D /* DateExtension.swift */; };
		B7E80C8A297C0FE3008A129D /* LocaleManager.swift in Sources */ = {isa = PBXBuildFile; fileRef = B76E1CB22978FD2700A94AEA /* LocaleManager.swift */; };
		B7E80C8B297C0FE3008A129D /* ImageManager.swift in Sources */ = {isa = PBXBuildFile; fileRef = B76E1CB42978FD2700A94AEA /* ImageManager.swift */; };
		B7E80C8C297C0FE3008A129D /* NetworkManager.swift in Sources */ = {isa = PBXBuildFile; fileRef = B79CF94329777DE500284B6D /* NetworkManager.swift */; };
		B7E80C8D297C0FE3008A129D /* LogType.swift in Sources */ = {isa = PBXBuildFile; fileRef = B7007C572976C973000B874A /* LogType.swift */; };
		B7E80C8E297C0FE3008A129D /* DateFormat.swift in Sources */ = {isa = PBXBuildFile; fileRef = B77157B2297B77CF003F6A5D /* DateFormat.swift */; };
		B7E80C8F297C0FEE008A129D /* Assets.xcassets in Resources */ = {isa = PBXBuildFile; fileRef = B78603882976C6FC000F611F /* Assets.xcassets */; };
		B7E80C90297C0FF4008A129D /* Localizable.strings in Resources */ = {isa = PBXBuildFile; fileRef = B7AE20B72977BBC300BCACF8 /* Localizable.strings */; };
		B7E80C91297C0FF4008A129D /* Localizable.stringsdict in Resources */ = {isa = PBXBuildFile; fileRef = B7AE20BA2977BBC600BCACF8 /* Localizable.stringsdict */; };
/* End PBXBuildFile section */

/* Begin PBXContainerItemProxy section */
		B7E80C29297C02E2008A129D /* PBXContainerItemProxy */ = {
			isa = PBXContainerItemProxy;
			containerPortal = B78603792976C6FA000F611F /* Project object */;
			proxyType = 1;
			remoteGlobalIDString = B78603802976C6FA000F611F;
			remoteInfo = Kurly;
		};
		B7E80C5A297C0F32008A129D /* PBXContainerItemProxy */ = {
			isa = PBXContainerItemProxy;
			containerPortal = B78603792976C6FA000F611F /* Project object */;
			proxyType = 1;
			remoteGlobalIDString = B78603802976C6FA000F611F;
			remoteInfo = Kurly;
		};
/* End PBXContainerItemProxy section */

/* Begin PBXFileReference section */
		B7007C572976C973000B874A /* LogType.swift */ = {isa = PBXFileReference; fileEncoding = 4; lastKnownFileType = sourcecode.swift; path = LogType.swift; sourceTree = "<group>"; };
		B7007C582976C973000B874A /* Logger.swift */ = {isa = PBXFileReference; fileEncoding = 4; lastKnownFileType = sourcecode.swift; path = Logger.swift; sourceTree = "<group>"; };
		B7024538297BC2010058EFB3 /* SearchAutoCompletesData.swift */ = {isa = PBXFileReference; fileEncoding = 4; lastKnownFileType = sourcecode.swift; path = SearchAutoCompletesData.swift; sourceTree = "<group>"; };
		B702453A297BC2060058EFB3 /* SearchAutoCompletesView.swift */ = {isa = PBXFileReference; fileEncoding = 4; lastKnownFileType = sourcecode.swift; path = SearchAutoCompletesView.swift; sourceTree = "<group>"; };
		B70D6FB92977807B00D3F45D /* SearchData.swift */ = {isa = PBXFileReference; fileEncoding = 4; lastKnownFileType = sourcecode.swift; path = SearchData.swift; sourceTree = "<group>"; };
		B70D6FBA2977807B00D3F45D /* SearchView.swift */ = {isa = PBXFileReference; fileEncoding = 4; lastKnownFileType = sourcecode.swift; path = SearchView.swift; sourceTree = "<group>"; };
		B71E985E297A4F9500844AE6 /* GitHubRepositoryProgressView.swift */ = {isa = PBXFileReference; lastKnownFileType = sourcecode.swift; path = GitHubRepositoryProgressView.swift; sourceTree = "<group>"; };
		B72FBA0B2978E57E00AAA960 /* SearchKeywordsData.swift */ = {isa = PBXFileReference; lastKnownFileType = sourcecode.swift; path = SearchKeywordsData.swift; sourceTree = "<group>"; };
		B76E1CAB2978FD1600A94AEA /* ToastModifier.swift */ = {isa = PBXFileReference; fileEncoding = 4; lastKnownFileType = sourcecode.swift; path = ToastModifier.swift; sourceTree = "<group>"; };
		B76E1CAD2978FD1600A94AEA /* ViewExtension.swift */ = {isa = PBXFileReference; fileEncoding = 4; lastKnownFileType = sourcecode.swift; path = ViewExtension.swift; sourceTree = "<group>"; };
		B76E1CB22978FD2700A94AEA /* LocaleManager.swift */ = {isa = PBXFileReference; fileEncoding = 4; lastKnownFileType = sourcecode.swift; path = LocaleManager.swift; sourceTree = "<group>"; };
		B76E1CB42978FD2700A94AEA /* ImageManager.swift */ = {isa = PBXFileReference; fileEncoding = 4; lastKnownFileType = sourcecode.swift; path = ImageManager.swift; sourceTree = "<group>"; };
		B77157A7297B6FD6003F6A5D /* SearchCoreDataManager.swift */ = {isa = PBXFileReference; lastKnownFileType = sourcecode.swift; path = SearchCoreDataManager.swift; sourceTree = "<group>"; };
		B77157AA297B76DB003F6A5D /* SearchAutocomplete.swift */ = {isa = PBXFileReference; lastKnownFileType = sourcecode.swift; path = SearchAutocomplete.swift; sourceTree = "<group>"; };
		B77157AD297B76E8003F6A5D /* SearchAutocompleteView.swift */ = {isa = PBXFileReference; lastKnownFileType = sourcecode.swift; path = SearchAutocompleteView.swift; sourceTree = "<group>"; };
		B77157B0297B77B3003F6A5D /* DateExtension.swift */ = {isa = PBXFileReference; lastKnownFileType = sourcecode.swift; path = DateExtension.swift; sourceTree = "<group>"; };
		B77157B2297B77CF003F6A5D /* DateFormat.swift */ = {isa = PBXFileReference; lastKnownFileType = sourcecode.swift; path = DateFormat.swift; sourceTree = "<group>"; };
		B77157B8297B7E7E003F6A5D /* SearchKeywords.xcdatamodel */ = {isa = PBXFileReference; lastKnownFileType = wrapper.xcdatamodel; path = SearchKeywords.xcdatamodel; sourceTree = "<group>"; };
		B78603812976C6FA000F611F /* Kurly.app */ = {isa = PBXFileReference; explicitFileType = wrapper.application; includeInIndex = 0; path = Kurly.app; sourceTree = BUILT_PRODUCTS_DIR; };
		B78603842976C6FA000F611F /* KurlyApp.swift */ = {isa = PBXFileReference; lastKnownFileType = sourcecode.swift; path = KurlyApp.swift; sourceTree = "<group>"; };
		B78603882976C6FC000F611F /* Assets.xcassets */ = {isa = PBXFileReference; lastKnownFileType = folder.assetcatalog; path = Assets.xcassets; sourceTree = "<group>"; };
		B786038B2976C6FC000F611F /* Preview Assets.xcassets */ = {isa = PBXFileReference; lastKnownFileType = folder.assetcatalog; path = "Preview Assets.xcassets"; sourceTree = "<group>"; };
		B79CF93D29777C4800284B6D /* VersionManager.swift */ = {isa = PBXFileReference; fileEncoding = 4; lastKnownFileType = sourcecode.swift; path = VersionManager.swift; sourceTree = "<group>"; };
		B79CF94029777D0B00284B6D /* UserDefaultsKey.swift */ = {isa = PBXFileReference; fileEncoding = 4; lastKnownFileType = sourcecode.swift; path = UserDefaultsKey.swift; sourceTree = "<group>"; };
		B79CF94329777DE500284B6D /* NetworkManager.swift */ = {isa = PBXFileReference; fileEncoding = 4; lastKnownFileType = sourcecode.swift; path = NetworkManager.swift; sourceTree = "<group>"; };
		B79CF94529777DE500284B6D /* ServiceURL.swift */ = {isa = PBXFileReference; fileEncoding = 4; lastKnownFileType = sourcecode.swift; path = ServiceURL.swift; sourceTree = "<group>"; };
		B79CF94629777DE500284B6D /* HTTPHeaderField.swift */ = {isa = PBXFileReference; fileEncoding = 4; lastKnownFileType = sourcecode.swift; path = HTTPHeaderField.swift; sourceTree = "<group>"; };
		B79CF94729777DE500284B6D /* HTTPMethod.swift */ = {isa = PBXFileReference; fileEncoding = 4; lastKnownFileType = sourcecode.swift; path = HTTPMethod.swift; sourceTree = "<group>"; };
		B79CF94829777DE500284B6D /* Response.swift */ = {isa = PBXFileReference; fileEncoding = 4; lastKnownFileType = sourcecode.swift; path = Response.swift; sourceTree = "<group>"; };
		B79CF94929777DE500284B6D /* ServiceError.swift */ = {isa = PBXFileReference; fileEncoding = 4; lastKnownFileType = sourcecode.swift; path = ServiceError.swift; sourceTree = "<group>"; };
		B79CF94A29777DE500284B6D /* KurlyServer.swift */ = {isa = PBXFileReference; fileEncoding = 4; lastKnownFileType = sourcecode.swift; path = KurlyServer.swift; sourceTree = "<group>"; };
		B79CF94B29777DE500284B6D /* HTTPHeaderValue.swift */ = {isa = PBXFileReference; fileEncoding = 4; lastKnownFileType = sourcecode.swift; path = HTTPHeaderValue.swift; sourceTree = "<group>"; };
		B79CF94C29777DE500284B6D /* MultipartType.swift */ = {isa = PBXFileReference; fileEncoding = 4; lastKnownFileType = sourcecode.swift; path = MultipartType.swift; sourceTree = "<group>"; };
		B79CF94D29777DE500284B6D /* URLRequestExtension.swift */ = {isa = PBXFileReference; fileEncoding = 4; lastKnownFileType = sourcecode.swift; path = URLRequestExtension.swift; sourceTree = "<group>"; };
		B79CF94E29777DE500284B6D /* HTTPStatusCode.swift */ = {isa = PBXFileReference; fileEncoding = 4; lastKnownFileType = sourcecode.swift; path = HTTPStatusCode.swift; sourceTree = "<group>"; };
		B79CF94F29777DE500284B6D /* Host.swift */ = {isa = PBXFileReference; fileEncoding = 4; lastKnownFileType = sourcecode.swift; path = Host.swift; sourceTree = "<group>"; };
		B7AE20AA2977B13100BCACF8 /* HTTPHeaderApplicationType.swift */ = {isa = PBXFileReference; lastKnownFileType = sourcecode.swift; path = HTTPHeaderApplicationType.swift; sourceTree = "<group>"; };
		B7AE20B62977BBC300BCACF8 /* en */ = {isa = PBXFileReference; lastKnownFileType = text.plist.strings; name = en; path = en.lproj/Localizable.strings; sourceTree = "<group>"; };
		B7AE20B92977BBC600BCACF8 /* en */ = {isa = PBXFileReference; lastKnownFileType = text.plist.stringsdict; name = en; path = en.lproj/Localizable.stringsdict; sourceTree = "<group>"; };
		B7AE20BB2977BC0F00BCACF8 /* ko */ = {isa = PBXFileReference; lastKnownFileType = text.plist.strings; name = ko; path = ko.lproj/Localizable.strings; sourceTree = "<group>"; };
		B7AE20BC2977BC1200BCACF8 /* ko */ = {isa = PBXFileReference; lastKnownFileType = text.plist.stringsdict; name = ko; path = ko.lproj/Localizable.stringsdict; sourceTree = "<group>"; };
		B7B1A319297970CE000A196C /* Info.plist */ = {isa = PBXFileReference; lastKnownFileType = text.plist; path = Info.plist; sourceTree = "<group>"; };
		B7BC3F48297900650071DB71 /* SearchResultData.swift */ = {isa = PBXFileReference; fileEncoding = 4; lastKnownFileType = sourcecode.swift; path = SearchResultData.swift; sourceTree = "<group>"; };
		B7BC3F49297900650071DB71 /* SearchResultView.swift */ = {isa = PBXFileReference; fileEncoding = 4; lastKnownFileType = sourcecode.swift; path = SearchResultView.swift; sourceTree = "<group>"; };
		B7BC3F4B297900650071DB71 /* SearchRequest.swift */ = {isa = PBXFileReference; fileEncoding = 4; lastKnownFileType = sourcecode.swift; path = SearchRequest.swift; sourceTree = "<group>"; };
		B7BC3F4C297900650071DB71 /* GitHubRepository.swift */ = {isa = PBXFileReference; fileEncoding = 4; lastKnownFileType = sourcecode.swift; path = GitHubRepository.swift; sourceTree = "<group>"; };
		B7BC3F4D297900650071DB71 /* SearchResponse.swift */ = {isa = PBXFileReference; fileEncoding = 4; lastKnownFileType = sourcecode.swift; path = SearchResponse.swift; sourceTree = "<group>"; };
		B7BC3F4E297900650071DB71 /* GitHubRepositoryOwner.swift */ = {isa = PBXFileReference; fileEncoding = 4; lastKnownFileType = sourcecode.swift; path = GitHubRepositoryOwner.swift; sourceTree = "<group>"; };
		B7BC3F50297900650071DB71 /* GitHubRepositoryView.swift */ = {isa = PBXFileReference; fileEncoding = 4; lastKnownFileType = sourcecode.swift; path = GitHubRepositoryView.swift; sourceTree = "<group>"; };
		B7BC3F59297900DA0071DB71 /* ImageView.swift */ = {isa = PBXFileReference; lastKnownFileType = sourcecode.swift; path = ImageView.swift; sourceTree = "<group>"; };
		B7DB563C2977A972001FD8FE /* SearchKeyword.swift */ = {isa = PBXFileReference; lastKnownFileType = sourcecode.swift; path = SearchKeyword.swift; sourceTree = "<group>"; };
		B7E38B3D297817F000A9C791 /* SearchKeywordsView.swift */ = {isa = PBXFileReference; lastKnownFileType = sourcecode.swift; path = SearchKeywordsView.swift; sourceTree = "<group>"; };
		B7E38B3F297819FE00A9C791 /* SearchKeywordView.swift */ = {isa = PBXFileReference; lastKnownFileType = sourcecode.swift; path = SearchKeywordView.swift; sourceTree = "<group>"; };
		B7E80C25297C02E2008A129D /* KurlyTests.xctest */ = {isa = PBXFileReference; explicitFileType = wrapper.cfbundle; includeInIndex = 0; path = KurlyTests.xctest; sourceTree = BUILT_PRODUCTS_DIR; };
		B7E80C27297C02E2008A129D /* KurlyTests.swift */ = {isa = PBXFileReference; lastKnownFileType = sourcecode.swift; path = KurlyTests.swift; sourceTree = "<group>"; };
		B7E80C54297C0F32008A129D /* KurlyUITests.xctest */ = {isa = PBXFileReference; explicitFileType = wrapper.cfbundle; includeInIndex = 0; path = KurlyUITests.xctest; sourceTree = BUILT_PRODUCTS_DIR; };
		B7E80C56297C0F32008A129D /* KurlyUITests.swift */ = {isa = PBXFileReference; lastKnownFileType = sourcecode.swift; path = KurlyUITests.swift; sourceTree = "<group>"; };
		B7E80C58297C0F32008A129D /* KurlyUITestsLaunchTests.swift */ = {isa = PBXFileReference; lastKnownFileType = sourcecode.swift; path = KurlyUITestsLaunchTests.swift; sourceTree = "<group>"; };
/* End PBXFileReference section */

/* Begin PBXFrameworksBuildPhase section */
		B786037E2976C6FA000F611F /* Frameworks */ = {
			isa = PBXFrameworksBuildPhase;
			buildActionMask = 2147483647;
			files = (
			);
			runOnlyForDeploymentPostprocessing = 0;
		};
		B7E80C22297C02E2008A129D /* Frameworks */ = {
			isa = PBXFrameworksBuildPhase;
			buildActionMask = 2147483647;
			files = (
			);
			runOnlyForDeploymentPostprocessing = 0;
		};
		B7E80C51297C0F32008A129D /* Frameworks */ = {
			isa = PBXFrameworksBuildPhase;
			buildActionMask = 2147483647;
			files = (
			);
			runOnlyForDeploymentPostprocessing = 0;
		};
/* End PBXFrameworksBuildPhase section */

/* Begin PBXGroup section */
		B7024537297BC1E10058EFB3 /* Autocompletes */ = {
			isa = PBXGroup;
			children = (
				B702453A297BC2060058EFB3 /* SearchAutoCompletesView.swift */,
				B7024538297BC2010058EFB3 /* SearchAutoCompletesData.swift */,
				B77157AC297B76DD003F6A5D /* View */,
				B77157A9297B76CF003F6A5D /* Model */,
			);
			path = Autocompletes;
			sourceTree = "<group>";
		};
		B70D6FB82977807B00D3F45D /* Search */ = {
			isa = PBXGroup;
			children = (
				B72FBA0F2978E5B200AAA960 /* Search */,
				B72FBA0A2978E55500AAA960 /* Keywords */,
				B7024537297BC1E10058EFB3 /* Autocompletes */,
				B7BC3F47297900650071DB71 /* Result */,
				B77157A6297B6FC4003F6A5D /* CoreData */,
			);
			path = Search;
			sourceTree = "<group>";
		};
		B72FBA0A2978E55500AAA960 /* Keywords */ = {
			isa = PBXGroup;
			children = (
				B7E38B3D297817F000A9C791 /* SearchKeywordsView.swift */,
				B72FBA0B2978E57E00AAA960 /* SearchKeywordsData.swift */,
				B72FBA0D2978E58100AAA960 /* View */,
				B72FBA0E2978E58500AAA960 /* Model */,
			);
			path = Keywords;
			sourceTree = "<group>";
		};
		B72FBA0D2978E58100AAA960 /* View */ = {
			isa = PBXGroup;
			children = (
				B7E38B3F297819FE00A9C791 /* SearchKeywordView.swift */,
			);
			path = View;
			sourceTree = "<group>";
		};
		B72FBA0E2978E58500AAA960 /* Model */ = {
			isa = PBXGroup;
			children = (
				B7DB563C2977A972001FD8FE /* SearchKeyword.swift */,
			);
			path = Model;
			sourceTree = "<group>";
		};
		B72FBA0F2978E5B200AAA960 /* Search */ = {
			isa = PBXGroup;
			children = (
				B70D6FBA2977807B00D3F45D /* SearchView.swift */,
				B70D6FB92977807B00D3F45D /* SearchData.swift */,
			);
			path = Search;
			sourceTree = "<group>";
		};
		B76E1CA72978FD1600A94AEA /* Component */ = {
			isa = PBXGroup;
			children = (
				B7BC3F58297900C30071DB71 /* Image */,
				B76E1CAA2978FD1600A94AEA /* Toast */,
				B76E1CAC2978FD1600A94AEA /* View */,
			);
			path = Component;
			sourceTree = "<group>";
		};
		B76E1CAA2978FD1600A94AEA /* Toast */ = {
			isa = PBXGroup;
			children = (
				B76E1CAB2978FD1600A94AEA /* ToastModifier.swift */,
			);
			path = Toast;
			sourceTree = "<group>";
		};
		B76E1CAC2978FD1600A94AEA /* View */ = {
			isa = PBXGroup;
			children = (
				B76E1CAD2978FD1600A94AEA /* ViewExtension.swift */,
			);
			path = View;
			sourceTree = "<group>";
		};
		B76E1CB12978FD2700A94AEA /* Locale */ = {
			isa = PBXGroup;
			children = (
				B76E1CB22978FD2700A94AEA /* LocaleManager.swift */,
			);
			path = Locale;
			sourceTree = "<group>";
		};
		B76E1CB32978FD2700A94AEA /* Image */ = {
			isa = PBXGroup;
			children = (
				B76E1CB42978FD2700A94AEA /* ImageManager.swift */,
			);
			path = Image;
			sourceTree = "<group>";
		};
		B77157A6297B6FC4003F6A5D /* CoreData */ = {
			isa = PBXGroup;
			children = (
				B77157A7297B6FD6003F6A5D /* SearchCoreDataManager.swift */,
				B77157B7297B7E7E003F6A5D /* Search.xcdatamodeld */,
			);
			path = CoreData;
			sourceTree = "<group>";
		};
		B77157A9297B76CF003F6A5D /* Model */ = {
			isa = PBXGroup;
			children = (
				B77157AA297B76DB003F6A5D /* SearchAutocomplete.swift */,
			);
			path = Model;
			sourceTree = "<group>";
		};
		B77157AC297B76DD003F6A5D /* View */ = {
			isa = PBXGroup;
			children = (
				B77157AD297B76E8003F6A5D /* SearchAutocompleteView.swift */,
			);
			path = View;
			sourceTree = "<group>";
		};
		B77157AF297B779E003F6A5D /* Date */ = {
			isa = PBXGroup;
			children = (
				B77157B0297B77B3003F6A5D /* DateExtension.swift */,
				B77157B2297B77CF003F6A5D /* DateFormat.swift */,
			);
			path = Date;
			sourceTree = "<group>";
		};
		B78603782976C6FA000F611F = {
			isa = PBXGroup;
			children = (
				B78603832976C6FA000F611F /* Kurly */,
				B7E80C26297C02E2008A129D /* KurlyTests */,
				B7E80C55297C0F32008A129D /* KurlyUITests */,
				B78603822976C6FA000F611F /* Products */,
			);
			sourceTree = "<group>";
		};
		B78603822976C6FA000F611F /* Products */ = {
			isa = PBXGroup;
			children = (
				B78603812976C6FA000F611F /* Kurly.app */,
				B7E80C25297C02E2008A129D /* KurlyTests.xctest */,
				B7E80C54297C0F32008A129D /* KurlyUITests.xctest */,
			);
			name = Products;
			sourceTree = "<group>";
		};
		B78603832976C6FA000F611F /* Kurly */ = {
			isa = PBXGroup;
			children = (
				B78603842976C6FA000F611F /* KurlyApp.swift */,
				B70D6FB82977807B00D3F45D /* Search */,
				B76E1CA72978FD1600A94AEA /* Component */,
				B78603922976C73A000F611F /* Util */,
				B78603882976C6FC000F611F /* Assets.xcassets */,
				B7B1A319297970CE000A196C /* Info.plist */,
				B7AE20B72977BBC300BCACF8 /* Localizable.strings */,
				B7AE20BA2977BBC600BCACF8 /* Localizable.stringsdict */,
				B786038A2976C6FC000F611F /* Preview Content */,
			);
			path = Kurly;
			sourceTree = "<group>";
		};
		B786038A2976C6FC000F611F /* Preview Content */ = {
			isa = PBXGroup;
			children = (
				B786038B2976C6FC000F611F /* Preview Assets.xcassets */,
			);
			path = "Preview Content";
			sourceTree = "<group>";
		};
		B78603922976C73A000F611F /* Util */ = {
			isa = PBXGroup;
			children = (
				B77157AF297B779E003F6A5D /* Date */,
				B76E1CB32978FD2700A94AEA /* Image */,
				B76E1CB12978FD2700A94AEA /* Locale */,
				B78603932976C75D000F611F /* Logger */,
				B79CF94229777DE500284B6D /* Network */,
				B79CF93F29777D0B00284B6D /* UserDefault */,
				B79CF93C29777C4800284B6D /* Version */,
			);
			path = Util;
			sourceTree = "<group>";
		};
		B78603932976C75D000F611F /* Logger */ = {
			isa = PBXGroup;
			children = (
				B7007C582976C973000B874A /* Logger.swift */,
				B7007C572976C973000B874A /* LogType.swift */,
			);
			path = Logger;
			sourceTree = "<group>";
		};
		B79CF93C29777C4800284B6D /* Version */ = {
			isa = PBXGroup;
			children = (
				B79CF93D29777C4800284B6D /* VersionManager.swift */,
			);
			path = Version;
			sourceTree = "<group>";
		};
		B79CF93F29777D0B00284B6D /* UserDefault */ = {
			isa = PBXGroup;
			children = (
				B79CF94029777D0B00284B6D /* UserDefaultsKey.swift */,
			);
			path = UserDefault;
			sourceTree = "<group>";
		};
		B79CF94229777DE500284B6D /* Network */ = {
			isa = PBXGroup;
			children = (
				B79CF94329777DE500284B6D /* NetworkManager.swift */,
				B79CF94429777DE500284B6D /* Model */,
			);
			path = Network;
			sourceTree = "<group>";
		};
		B79CF94429777DE500284B6D /* Model */ = {
			isa = PBXGroup;
			children = (
				B79CF94F29777DE500284B6D /* Host.swift */,
				B79CF94A29777DE500284B6D /* KurlyServer.swift */,
				B79CF94529777DE500284B6D /* ServiceURL.swift */,
				B79CF94729777DE500284B6D /* HTTPMethod.swift */,
				B79CF94629777DE500284B6D /* HTTPHeaderField.swift */,
				B79CF94B29777DE500284B6D /* HTTPHeaderValue.swift */,
				B7AE20AA2977B13100BCACF8 /* HTTPHeaderApplicationType.swift */,
				B79CF94E29777DE500284B6D /* HTTPStatusCode.swift */,
				B79CF94C29777DE500284B6D /* MultipartType.swift */,
				B79CF94D29777DE500284B6D /* URLRequestExtension.swift */,
				B79CF94829777DE500284B6D /* Response.swift */,
				B79CF94929777DE500284B6D /* ServiceError.swift */,
			);
			path = Model;
			sourceTree = "<group>";
		};
		B7BC3F47297900650071DB71 /* Result */ = {
			isa = PBXGroup;
			children = (
				B7BC3F49297900650071DB71 /* SearchResultView.swift */,
				B7BC3F48297900650071DB71 /* SearchResultData.swift */,
				B7BC3F4F297900650071DB71 /* View */,
				B7BC3F4A297900650071DB71 /* Model */,
			);
			name = Result;
			path = Kurly/Search/Result;
			sourceTree = SOURCE_ROOT;
		};
		B7BC3F4A297900650071DB71 /* Model */ = {
			isa = PBXGroup;
			children = (
				B7BC3F4C297900650071DB71 /* GitHubRepository.swift */,
				B7BC3F4E297900650071DB71 /* GitHubRepositoryOwner.swift */,
				B7BC3F4B297900650071DB71 /* SearchRequest.swift */,
				B7BC3F4D297900650071DB71 /* SearchResponse.swift */,
			);
			path = Model;
			sourceTree = "<group>";
		};
		B7BC3F4F297900650071DB71 /* View */ = {
			isa = PBXGroup;
			children = (
				B7BC3F50297900650071DB71 /* GitHubRepositoryView.swift */,
				B71E985E297A4F9500844AE6 /* GitHubRepositoryProgressView.swift */,
			);
			path = View;
			sourceTree = "<group>";
		};
		B7BC3F58297900C30071DB71 /* Image */ = {
			isa = PBXGroup;
			children = (
				B7BC3F59297900DA0071DB71 /* ImageView.swift */,
			);
			path = Image;
			sourceTree = "<group>";
		};
		B7E80C26297C02E2008A129D /* KurlyTests */ = {
			isa = PBXGroup;
			children = (
				B7E80C27297C02E2008A129D /* KurlyTests.swift */,
			);
			path = KurlyTests;
			sourceTree = "<group>";
		};
		B7E80C55297C0F32008A129D /* KurlyUITests */ = {
			isa = PBXGroup;
			children = (
				B7E80C56297C0F32008A129D /* KurlyUITests.swift */,
				B7E80C58297C0F32008A129D /* KurlyUITestsLaunchTests.swift */,
			);
			path = KurlyUITests;
			sourceTree = "<group>";
		};
/* End PBXGroup section */

/* Begin PBXNativeTarget section */
		B78603802976C6FA000F611F /* Kurly */ = {
			isa = PBXNativeTarget;
			buildConfigurationList = B786038F2976C6FC000F611F /* Build configuration list for PBXNativeTarget "Kurly" */;
			buildPhases = (
				B786037D2976C6FA000F611F /* Sources */,
				B786037E2976C6FA000F611F /* Frameworks */,
				B786037F2976C6FA000F611F /* Resources */,
			);
			buildRules = (
			);
			dependencies = (
			);
			name = Kurly;
			productName = Kurly;
			productReference = B78603812976C6FA000F611F /* Kurly.app */;
			productType = "com.apple.product-type.application";
		};
		B7E80C24297C02E2008A129D /* KurlyTests */ = {
			isa = PBXNativeTarget;
			buildConfigurationList = B7E80C2D297C02E2008A129D /* Build configuration list for PBXNativeTarget "KurlyTests" */;
			buildPhases = (
				B7E80C21297C02E2008A129D /* Sources */,
				B7E80C22297C02E2008A129D /* Frameworks */,
				B7E80C23297C02E2008A129D /* Resources */,
			);
			buildRules = (
			);
			dependencies = (
				B7E80C2A297C02E2008A129D /* PBXTargetDependency */,
			);
			name = KurlyTests;
			productName = KurlyTests;
			productReference = B7E80C25297C02E2008A129D /* KurlyTests.xctest */;
			productType = "com.apple.product-type.bundle.unit-test";
		};
		B7E80C53297C0F32008A129D /* KurlyUITests */ = {
			isa = PBXNativeTarget;
			buildConfigurationList = B7E80C5C297C0F33008A129D /* Build configuration list for PBXNativeTarget "KurlyUITests" */;
			buildPhases = (
				B7E80C50297C0F32008A129D /* Sources */,
				B7E80C51297C0F32008A129D /* Frameworks */,
				B7E80C52297C0F32008A129D /* Resources */,
			);
			buildRules = (
			);
			dependencies = (
				B7E80C5B297C0F32008A129D /* PBXTargetDependency */,
			);
			name = KurlyUITests;
			productName = KurlyUITests;
			productReference = B7E80C54297C0F32008A129D /* KurlyUITests.xctest */;
			productType = "com.apple.product-type.bundle.ui-testing";
		};
/* End PBXNativeTarget section */

/* Begin PBXProject section */
		B78603792976C6FA000F611F /* Project object */ = {
			isa = PBXProject;
			attributes = {
				BuildIndependentTargetsInParallel = 1;
				LastSwiftUpdateCheck = 1420;
				LastUpgradeCheck = 1420;
				TargetAttributes = {
					B78603802976C6FA000F611F = {
						CreatedOnToolsVersion = 14.2;
					};
					B7E80C24297C02E2008A129D = {
						CreatedOnToolsVersion = 14.2;
						TestTargetID = B78603802976C6FA000F611F;
					};
					B7E80C53297C0F32008A129D = {
						CreatedOnToolsVersion = 14.2;
						TestTargetID = B78603802976C6FA000F611F;
					};
				};
			};
			buildConfigurationList = B786037C2976C6FA000F611F /* Build configuration list for PBXProject "Kurly" */;
			compatibilityVersion = "Xcode 14.0";
			developmentRegion = en;
			hasScannedForEncodings = 0;
			knownRegions = (
				en,
				Base,
				ko,
			);
			mainGroup = B78603782976C6FA000F611F;
			productRefGroup = B78603822976C6FA000F611F /* Products */;
			projectDirPath = "";
			projectRoot = "";
			targets = (
				B78603802976C6FA000F611F /* Kurly */,
				B7E80C24297C02E2008A129D /* KurlyTests */,
				B7E80C53297C0F32008A129D /* KurlyUITests */,
			);
		};
/* End PBXProject section */

/* Begin PBXResourcesBuildPhase section */
		B786037F2976C6FA000F611F /* Resources */ = {
			isa = PBXResourcesBuildPhase;
			buildActionMask = 2147483647;
			files = (
				B786038C2976C6FC000F611F /* Preview Assets.xcassets in Resources */,
				B7AE20B82977BBC600BCACF8 /* Localizable.stringsdict in Resources */,
				B7AE20B52977BBC300BCACF8 /* Localizable.strings in Resources */,
				B78603892976C6FC000F611F /* Assets.xcassets in Resources */,
			);
			runOnlyForDeploymentPostprocessing = 0;
		};
		B7E80C23297C02E2008A129D /* Resources */ = {
			isa = PBXResourcesBuildPhase;
			buildActionMask = 2147483647;
			files = (
				B7E80C43297C0556008A129D /* Localizable.stringsdict in Resources */,
				B7141EF8297EA49E00D90783 /* Assets.xcassets in Resources */,
				B7E80C44297C0556008A129D /* Localizable.strings in Resources */,
			);
			runOnlyForDeploymentPostprocessing = 0;
		};
		B7E80C52297C0F32008A129D /* Resources */ = {
			isa = PBXResourcesBuildPhase;
			buildActionMask = 2147483647;
			files = (
				B7E80C8F297C0FEE008A129D /* Assets.xcassets in Resources */,
				B7E80C90297C0FF4008A129D /* Localizable.strings in Resources */,
				B7E80C91297C0FF4008A129D /* Localizable.stringsdict in Resources */,
			);
			runOnlyForDeploymentPostprocessing = 0;
		};
/* End PBXResourcesBuildPhase section */

/* Begin PBXSourcesBuildPhase section */
		B786037D2976C6FA000F611F /* Sources */ = {
			isa = PBXSourcesBuildPhase;
			buildActionMask = 2147483647;
			files = (
				B76E1CAF2978FD1600A94AEA /* ToastModifier.swift in Sources */,
				B7BC3F53297900660071DB71 /* SearchRequest.swift in Sources */,
				B77157AE297B76E8003F6A5D /* SearchAutocompleteView.swift in Sources */,
				B7BC3F52297900650071DB71 /* SearchResultView.swift in Sources */,
				B79CF95229777DE500284B6D /* HTTPHeaderField.swift in Sources */,
				B7BC3F56297900660071DB71 /* GitHubRepositoryOwner.swift in Sources */,
				B76E1CB62978FD2700A94AEA /* ImageManager.swift in Sources */,
				B72FBA0C2978E57E00AAA960 /* SearchKeywordsData.swift in Sources */,
				B77157B3297B77CF003F6A5D /* DateFormat.swift in Sources */,
				B79CF95829777DE500284B6D /* MultipartType.swift in Sources */,
				B702453B297BC2060058EFB3 /* SearchAutoCompletesView.swift in Sources */,
				B70D6FBB2977807B00D3F45D /* SearchData.swift in Sources */,
				B79CF95329777DE500284B6D /* HTTPMethod.swift in Sources */,
				B7E38B40297819FE00A9C791 /* SearchKeywordView.swift in Sources */,
				B79CF95929777DE500284B6D /* URLRequestExtension.swift in Sources */,
				B79CF95A29777DE500284B6D /* HTTPStatusCode.swift in Sources */,
				B79CF95429777DE500284B6D /* Response.swift in Sources */,
				B79CF95729777DE500284B6D /* HTTPHeaderValue.swift in Sources */,
				B70D6FBC2977807B00D3F45D /* SearchView.swift in Sources */,
				B7BC3F54297900660071DB71 /* GitHubRepository.swift in Sources */,
				B7DB563D2977A972001FD8FE /* SearchKeyword.swift in Sources */,
				B78603852976C6FA000F611F /* KurlyApp.swift in Sources */,
				B7BC3F5A297900DA0071DB71 /* ImageView.swift in Sources */,
				B79CF94129777D0B00284B6D /* UserDefaultsKey.swift in Sources */,
				B7BC3F55297900660071DB71 /* SearchResponse.swift in Sources */,
				B79CF95B29777DE500284B6D /* Host.swift in Sources */,
				B7BC3F51297900650071DB71 /* SearchResultData.swift in Sources */,
				B76E1CB02978FD1600A94AEA /* ViewExtension.swift in Sources */,
				B7E38B3E297817F000A9C791 /* SearchKeywordsView.swift in Sources */,
				B76E1CB52978FD2700A94AEA /* LocaleManager.swift in Sources */,
				B7024539297BC2010058EFB3 /* SearchAutoCompletesData.swift in Sources */,
				B77157B1297B77B3003F6A5D /* DateExtension.swift in Sources */,
				B79CF95029777DE500284B6D /* NetworkManager.swift in Sources */,
				B79CF95529777DE500284B6D /* ServiceError.swift in Sources */,
				B79CF95129777DE500284B6D /* ServiceURL.swift in Sources */,
				B71E985F297A4F9500844AE6 /* GitHubRepositoryProgressView.swift in Sources */,
				B7007C592976C973000B874A /* LogType.swift in Sources */,
				B79CF93E29777C4800284B6D /* VersionManager.swift in Sources */,
				B77157B9297B7E7E003F6A5D /* Search.xcdatamodeld in Sources */,
				B7BC3F57297900660071DB71 /* GitHubRepositoryView.swift in Sources */,
				B77157AB297B76DB003F6A5D /* SearchAutocomplete.swift in Sources */,
				B77157A8297B6FD6003F6A5D /* SearchCoreDataManager.swift in Sources */,
				B79CF95629777DE500284B6D /* KurlyServer.swift in Sources */,
				B7007C5A2976C973000B874A /* Logger.swift in Sources */,
				B7AE20AB2977B13100BCACF8 /* HTTPHeaderApplicationType.swift in Sources */,
			);
			runOnlyForDeploymentPostprocessing = 0;
		};
		B7E80C21297C02E2008A129D /* Sources */ = {
			isa = PBXSourcesBuildPhase;
			buildActionMask = 2147483647;
			files = (
				B7E80C28297C02E2008A129D /* KurlyTests.swift in Sources */,
				B7141EED297EA42900D90783 /* SearchKeywordsView.swift in Sources */,
				B7E80C40297C0546008A129D /* URLRequestExtension.swift in Sources */,
				B7141EF2297EA45100D90783 /* GitHubRepositoryView.swift in Sources */,
				B7141EF4297EA46500D90783 /* ImageView.swift in Sources */,
				B7E80C33297C053C008A129D /* LogType.swift in Sources */,
				B7E80C41297C054B008A129D /* UserDefaultsKey.swift in Sources */,
				B7E80C38297C0546008A129D /* HTTPHeaderValue.swift in Sources */,
				B7141EEE297EA42F00D90783 /* SearchKeywordView.swift in Sources */,
				B7E80C32297C0539008A129D /* Logger.swift in Sources */,
				B7E80C31297C0534008A129D /* LocaleManager.swift in Sources */,
				B7E80C4B297C057E008A129D /* SearchRequest.swift in Sources */,
				B7141EF0297EA43E00D90783 /* SearchAutocompleteView.swift in Sources */,
				B7E80C48297C0571008A129D /* SearchAutoCompletesData.swift in Sources */,
				B7E80C4F297C0589008A129D /* Search.xcdatamodeld in Sources */,
				B7E80C45297C0568008A129D /* SearchData.swift in Sources */,
				B7141EF1297EA44900D90783 /* SearchResultView.swift in Sources */,
				B7141EF3297EA45100D90783 /* GitHubRepositoryProgressView.swift in Sources */,
				B7E80C4E297C0586008A129D /* SearchCoreDataManager.swift in Sources */,
				B7E80C4D297C057E008A129D /* SearchResponse.swift in Sources */,
				B7E80C6D297C0F7B008A129D /* SearchResultData.swift in Sources */,
				B7E80C3D297C0546008A129D /* KurlyServer.swift in Sources */,
				B7141EEB297EA42000D90783 /* KurlyApp.swift in Sources */,
				B7E80C35297C0546008A129D /* Response.swift in Sources */,
				B7E80C47297C056D008A129D /* SearchKeyword.swift in Sources */,
				B7E80C4A297C057E008A129D /* GitHubRepository.swift in Sources */,
				B7E80C3E297C0546008A129D /* HTTPHeaderField.swift in Sources */,
				B7E80C49297C0574008A129D /* SearchAutocomplete.swift in Sources */,
				B7E80C4C297C057E008A129D /* GitHubRepositoryOwner.swift in Sources */,
				B7141EF7297EA47100D90783 /* ViewExtension.swift in Sources */,
				B7141EF6297EA46D00D90783 /* ToastModifier.swift in Sources */,
				B7E80C46297C056A008A129D /* SearchKeywordsData.swift in Sources */,
				B7E80C3B297C0546008A129D /* Host.swift in Sources */,
				B7E80C36297C0546008A129D /* HTTPHeaderApplicationType.swift in Sources */,
				B7E80C42297C054F008A129D /* VersionManager.swift in Sources */,
				B7E80C37297C0546008A129D /* MultipartType.swift in Sources */,
				B7E80C39297C0546008A129D /* ServiceError.swift in Sources */,
				B7141EEC297EA42400D90783 /* SearchView.swift in Sources */,
				B7E80C34297C0541008A129D /* NetworkManager.swift in Sources */,
				B7E80C2E297C0525008A129D /* DateExtension.swift in Sources */,
				B7141EEF297EA43900D90783 /* SearchAutoCompletesView.swift in Sources */,
				B7E80C3C297C0546008A129D /* HTTPMethod.swift in Sources */,
				B7E80C2F297C0528008A129D /* DateFormat.swift in Sources */,
				B7E80C30297C0530008A129D /* ImageManager.swift in Sources */,
				B7E80C3F297C0546008A129D /* HTTPStatusCode.swift in Sources */,
				B7E80C3A297C0546008A129D /* ServiceURL.swift in Sources */,
			);
			runOnlyForDeploymentPostprocessing = 0;
		};
		B7E80C50297C0F32008A129D /* Sources */ = {
			isa = PBXSourcesBuildPhase;
			buildActionMask = 2147483647;
			files = (
				B7E80C8C297C0FE3008A129D /* NetworkManager.swift in Sources */,
				B7E80C68297C0F5B008A129D /* SearchKeyword.swift in Sources */,
				B7E80C8E297C0FE3008A129D /* DateFormat.swift in Sources */,
				B7E80C8A297C0FE3008A129D /* LocaleManager.swift in Sources */,
				B7E80C71297C0F8E008A129D /* GitHubRepositoryOwner.swift in Sources */,
				B7E80C6B297C0F74008A129D /* SearchResultView.swift in Sources */,
				B7E80C7E297C0FDC008A129D /* Host.swift in Sources */,
				B7E80C83297C0FDC008A129D /* HTTPHeaderApplicationType.swift in Sources */,
				B7E80C7D297C0FDC008A129D /* HTTPHeaderField.swift in Sources */,
				B7E80C7B297C0FDC008A129D /* VersionManager.swift in Sources */,
				B7E80C63297C0F4B008A129D /* SearchKeywordsView.swift in Sources */,
				B7E80C7F297C0FDC008A129D /* Response.swift in Sources */,
				B7E80C78297C0FC5008A129D /* ImageView.swift in Sources */,
				B7E80C82297C0FDC008A129D /* URLRequestExtension.swift in Sources */,
				B7E80C77297C0FC5008A129D /* ViewExtension.swift in Sources */,
				B7E80C84297C0FDC008A129D /* ServiceError.swift in Sources */,
				B7E80C73297C0F8E008A129D /* SearchRequest.swift in Sources */,
				B7E80C6A297C0F6B008A129D /* SearchAutocomplete.swift in Sources */,
				B7E80C75297C0F94008A129D /* GitHubRepositoryProgressView.swift in Sources */,
				B7E80C6C297C0F74008A129D /* SearchResultData.swift in Sources */,
				B7E80C62297C0F43008A129D /* SearchView.swift in Sources */,
				B7E80C67297C0F58008A129D /* SearchKeywordView.swift in Sources */,
				B7E80C8B297C0FE3008A129D /* ImageManager.swift in Sources */,
				B7E80C6F297C0F83008A129D /* Search.xcdatamodeld in Sources */,
				B7E80C60297C0F3C008A129D /* KurlyApp.swift in Sources */,
				B7E80C66297C0F51008A129D /* SearchAutoCompletesData.swift in Sources */,
				B7E80C85297C0FDC008A129D /* HTTPMethod.swift in Sources */,
				B7E80C81297C0FDC008A129D /* HTTPStatusCode.swift in Sources */,
				B7E80C88297C0FE3008A129D /* Logger.swift in Sources */,
				B7E80C69297C0F68008A129D /* SearchAutocompleteView.swift in Sources */,
				B7E80C6E297C0F81008A129D /* SearchCoreDataManager.swift in Sources */,
				B7E80C80297C0FDC008A129D /* KurlyServer.swift in Sources */,
				B7E80C8D297C0FE3008A129D /* LogType.swift in Sources */,
				B7E80C70297C0F8E008A129D /* GitHubRepository.swift in Sources */,
				B7E80C76297C0FC5008A129D /* ToastModifier.swift in Sources */,
				B7E80C86297C0FDC008A129D /* HTTPHeaderValue.swift in Sources */,
				B7E80C64297C0F4B008A129D /* SearchKeywordsData.swift in Sources */,
				B7E80C59297C0F32008A129D /* KurlyUITestsLaunchTests.swift in Sources */,
				B7E80C7C297C0FDC008A129D /* ServiceURL.swift in Sources */,
				B7E80C72297C0F8E008A129D /* SearchResponse.swift in Sources */,
				B7E80C57297C0F32008A129D /* KurlyUITests.swift in Sources */,
				B7E80C7A297C0FDC008A129D /* UserDefaultsKey.swift in Sources */,
				B7E80C89297C0FE3008A129D /* DateExtension.swift in Sources */,
				B7E80C74297C0F94008A129D /* GitHubRepositoryView.swift in Sources */,
				B7E80C65297C0F51008A129D /* SearchAutoCompletesView.swift in Sources */,
				B7E80C87297C0FDC008A129D /* MultipartType.swift in Sources */,
				B7E80C61297C0F43008A129D /* SearchData.swift in Sources */,
			);
			runOnlyForDeploymentPostprocessing = 0;
		};
/* End PBXSourcesBuildPhase section */

/* Begin PBXTargetDependency section */
		B7E80C2A297C02E2008A129D /* PBXTargetDependency */ = {
			isa = PBXTargetDependency;
			target = B78603802976C6FA000F611F /* Kurly */;
			targetProxy = B7E80C29297C02E2008A129D /* PBXContainerItemProxy */;
		};
		B7E80C5B297C0F32008A129D /* PBXTargetDependency */ = {
			isa = PBXTargetDependency;
			target = B78603802976C6FA000F611F /* Kurly */;
			targetProxy = B7E80C5A297C0F32008A129D /* PBXContainerItemProxy */;
		};
/* End PBXTargetDependency section */

/* Begin PBXVariantGroup section */
		B7AE20B72977BBC300BCACF8 /* Localizable.strings */ = {
			isa = PBXVariantGroup;
			children = (
				B7AE20B62977BBC300BCACF8 /* en */,
				B7AE20BB2977BC0F00BCACF8 /* ko */,
			);
			name = Localizable.strings;
			sourceTree = "<group>";
		};
		B7AE20BA2977BBC600BCACF8 /* Localizable.stringsdict */ = {
			isa = PBXVariantGroup;
			children = (
				B7AE20B92977BBC600BCACF8 /* en */,
				B7AE20BC2977BC1200BCACF8 /* ko */,
			);
			name = Localizable.stringsdict;
			sourceTree = "<group>";
		};
/* End PBXVariantGroup section */

/* Begin XCBuildConfiguration section */
		B786038D2976C6FC000F611F /* Debug */ = {
			isa = XCBuildConfiguration;
			buildSettings = {
				ALWAYS_SEARCH_USER_PATHS = NO;
				CLANG_ANALYZER_NONNULL = YES;
				CLANG_ANALYZER_NUMBER_OBJECT_CONVERSION = YES_AGGRESSIVE;
				CLANG_CXX_LANGUAGE_STANDARD = "gnu++20";
				CLANG_ENABLE_MODULES = YES;
				CLANG_ENABLE_OBJC_ARC = YES;
				CLANG_ENABLE_OBJC_WEAK = YES;
				CLANG_WARN_BLOCK_CAPTURE_AUTORELEASING = YES;
				CLANG_WARN_BOOL_CONVERSION = YES;
				CLANG_WARN_COMMA = YES;
				CLANG_WARN_CONSTANT_CONVERSION = YES;
				CLANG_WARN_DEPRECATED_OBJC_IMPLEMENTATIONS = YES;
				CLANG_WARN_DIRECT_OBJC_ISA_USAGE = YES_ERROR;
				CLANG_WARN_DOCUMENTATION_COMMENTS = YES;
				CLANG_WARN_EMPTY_BODY = YES;
				CLANG_WARN_ENUM_CONVERSION = YES;
				CLANG_WARN_INFINITE_RECURSION = YES;
				CLANG_WARN_INT_CONVERSION = YES;
				CLANG_WARN_NON_LITERAL_NULL_CONVERSION = YES;
				CLANG_WARN_OBJC_IMPLICIT_RETAIN_SELF = YES;
				CLANG_WARN_OBJC_LITERAL_CONVERSION = YES;
				CLANG_WARN_OBJC_ROOT_CLASS = YES_ERROR;
				CLANG_WARN_QUOTED_INCLUDE_IN_FRAMEWORK_HEADER = YES;
				CLANG_WARN_RANGE_LOOP_ANALYSIS = YES;
				CLANG_WARN_STRICT_PROTOTYPES = YES;
				CLANG_WARN_SUSPICIOUS_MOVE = YES;
				CLANG_WARN_UNGUARDED_AVAILABILITY = YES_AGGRESSIVE;
				CLANG_WARN_UNREACHABLE_CODE = YES;
				CLANG_WARN__DUPLICATE_METHOD_MATCH = YES;
				COPY_PHASE_STRIP = NO;
				DEBUG_INFORMATION_FORMAT = dwarf;
				ENABLE_STRICT_OBJC_MSGSEND = YES;
				ENABLE_TESTABILITY = YES;
				GCC_C_LANGUAGE_STANDARD = gnu11;
				GCC_DYNAMIC_NO_PIC = NO;
				GCC_NO_COMMON_BLOCKS = YES;
				GCC_OPTIMIZATION_LEVEL = 0;
				GCC_PREPROCESSOR_DEFINITIONS = (
					"DEBUG=1",
					"$(inherited)",
				);
				GCC_WARN_64_TO_32_BIT_CONVERSION = YES;
				GCC_WARN_ABOUT_RETURN_TYPE = YES_ERROR;
				GCC_WARN_UNDECLARED_SELECTOR = YES;
				GCC_WARN_UNINITIALIZED_AUTOS = YES_AGGRESSIVE;
				GCC_WARN_UNUSED_FUNCTION = YES;
				GCC_WARN_UNUSED_VARIABLE = YES;
				IPHONEOS_DEPLOYMENT_TARGET = 16.2;
				MTL_ENABLE_DEBUG_INFO = INCLUDE_SOURCE;
				MTL_FAST_MATH = YES;
				ONLY_ACTIVE_ARCH = YES;
				SDKROOT = iphoneos;
				SWIFT_ACTIVE_COMPILATION_CONDITIONS = DEBUG;
				SWIFT_OPTIMIZATION_LEVEL = "-Onone";
			};
			name = Debug;
		};
		B786038E2976C6FC000F611F /* Release */ = {
			isa = XCBuildConfiguration;
			buildSettings = {
				ALWAYS_SEARCH_USER_PATHS = NO;
				CLANG_ANALYZER_NONNULL = YES;
				CLANG_ANALYZER_NUMBER_OBJECT_CONVERSION = YES_AGGRESSIVE;
				CLANG_CXX_LANGUAGE_STANDARD = "gnu++20";
				CLANG_ENABLE_MODULES = YES;
				CLANG_ENABLE_OBJC_ARC = YES;
				CLANG_ENABLE_OBJC_WEAK = YES;
				CLANG_WARN_BLOCK_CAPTURE_AUTORELEASING = YES;
				CLANG_WARN_BOOL_CONVERSION = YES;
				CLANG_WARN_COMMA = YES;
				CLANG_WARN_CONSTANT_CONVERSION = YES;
				CLANG_WARN_DEPRECATED_OBJC_IMPLEMENTATIONS = YES;
				CLANG_WARN_DIRECT_OBJC_ISA_USAGE = YES_ERROR;
				CLANG_WARN_DOCUMENTATION_COMMENTS = YES;
				CLANG_WARN_EMPTY_BODY = YES;
				CLANG_WARN_ENUM_CONVERSION = YES;
				CLANG_WARN_INFINITE_RECURSION = YES;
				CLANG_WARN_INT_CONVERSION = YES;
				CLANG_WARN_NON_LITERAL_NULL_CONVERSION = YES;
				CLANG_WARN_OBJC_IMPLICIT_RETAIN_SELF = YES;
				CLANG_WARN_OBJC_LITERAL_CONVERSION = YES;
				CLANG_WARN_OBJC_ROOT_CLASS = YES_ERROR;
				CLANG_WARN_QUOTED_INCLUDE_IN_FRAMEWORK_HEADER = YES;
				CLANG_WARN_RANGE_LOOP_ANALYSIS = YES;
				CLANG_WARN_STRICT_PROTOTYPES = YES;
				CLANG_WARN_SUSPICIOUS_MOVE = YES;
				CLANG_WARN_UNGUARDED_AVAILABILITY = YES_AGGRESSIVE;
				CLANG_WARN_UNREACHABLE_CODE = YES;
				CLANG_WARN__DUPLICATE_METHOD_MATCH = YES;
				COPY_PHASE_STRIP = NO;
				DEBUG_INFORMATION_FORMAT = "dwarf-with-dsym";
				ENABLE_NS_ASSERTIONS = NO;
				ENABLE_STRICT_OBJC_MSGSEND = YES;
				GCC_C_LANGUAGE_STANDARD = gnu11;
				GCC_NO_COMMON_BLOCKS = YES;
				GCC_WARN_64_TO_32_BIT_CONVERSION = YES;
				GCC_WARN_ABOUT_RETURN_TYPE = YES_ERROR;
				GCC_WARN_UNDECLARED_SELECTOR = YES;
				GCC_WARN_UNINITIALIZED_AUTOS = YES_AGGRESSIVE;
				GCC_WARN_UNUSED_FUNCTION = YES;
				GCC_WARN_UNUSED_VARIABLE = YES;
				IPHONEOS_DEPLOYMENT_TARGET = 16.2;
				MTL_ENABLE_DEBUG_INFO = NO;
				MTL_FAST_MATH = YES;
				SDKROOT = iphoneos;
				SWIFT_COMPILATION_MODE = wholemodule;
				SWIFT_OPTIMIZATION_LEVEL = "-O";
				VALIDATE_PRODUCT = YES;
			};
			name = Release;
		};
		B78603902976C6FC000F611F /* Debug */ = {
			isa = XCBuildConfiguration;
			buildSettings = {
				ASSETCATALOG_COMPILER_APPICON_NAME = AppIcon;
				ASSETCATALOG_COMPILER_GLOBAL_ACCENT_COLOR_NAME = AccentColor;
				CODE_SIGN_STYLE = Automatic;
				CURRENT_PROJECT_VERSION = 1;
				DEVELOPMENT_ASSET_PATHS = "\"Kurly/Preview Content\"";
				DEVELOPMENT_TEAM = C75HZNC664;
				ENABLE_PREVIEWS = YES;
				GENERATE_INFOPLIST_FILE = YES;
				INFOPLIST_FILE = Kurly/Info.plist;
				INFOPLIST_KEY_LSApplicationCategoryType = "public.app-category.shopping";
				INFOPLIST_KEY_UIApplicationSupportsIndirectInputEvents = YES;
				INFOPLIST_KEY_UILaunchScreen_Generation = YES;
				INFOPLIST_KEY_UISupportedInterfaceOrientations = "UIInterfaceOrientationLandscapeLeft UIInterfaceOrientationLandscapeRight UIInterfaceOrientationPortrait UIInterfaceOrientationPortraitUpsideDown";
				IPHONEOS_DEPLOYMENT_TARGET = 15.0;
				LD_RUNPATH_SEARCH_PATHS = (
					"$(inherited)",
					"@executable_path/Frameworks",
				);
				MARKETING_VERSION = 1.0.0;
				PRODUCT_BUNDLE_IDENTIFIER = nilotic.Kurly;
				PRODUCT_NAME = "$(TARGET_NAME)";
				SWIFT_EMIT_LOC_STRINGS = YES;
				SWIFT_VERSION = 5.0;
				TARGETED_DEVICE_FAMILY = "1,2";
			};
			name = Debug;
		};
		B78603912976C6FC000F611F /* Release */ = {
			isa = XCBuildConfiguration;
			buildSettings = {
				ASSETCATALOG_COMPILER_APPICON_NAME = AppIcon;
				ASSETCATALOG_COMPILER_GLOBAL_ACCENT_COLOR_NAME = AccentColor;
				CODE_SIGN_STYLE = Automatic;
				CURRENT_PROJECT_VERSION = 1;
				DEVELOPMENT_ASSET_PATHS = "\"Kurly/Preview Content\"";
				DEVELOPMENT_TEAM = C75HZNC664;
				ENABLE_PREVIEWS = YES;
				GENERATE_INFOPLIST_FILE = YES;
				INFOPLIST_FILE = Kurly/Info.plist;
				INFOPLIST_KEY_LSApplicationCategoryType = "public.app-category.shopping";
				INFOPLIST_KEY_UIApplicationSupportsIndirectInputEvents = YES;
				INFOPLIST_KEY_UILaunchScreen_Generation = YES;
				INFOPLIST_KEY_UISupportedInterfaceOrientations = "UIInterfaceOrientationLandscapeLeft UIInterfaceOrientationLandscapeRight UIInterfaceOrientationPortrait UIInterfaceOrientationPortraitUpsideDown";
				IPHONEOS_DEPLOYMENT_TARGET = 15.0;
				LD_RUNPATH_SEARCH_PATHS = (
					"$(inherited)",
					"@executable_path/Frameworks",
				);
				MARKETING_VERSION = 1.0.0;
				PRODUCT_BUNDLE_IDENTIFIER = nilotic.Kurly;
				PRODUCT_NAME = "$(TARGET_NAME)";
				SWIFT_EMIT_LOC_STRINGS = YES;
				SWIFT_VERSION = 5.0;
				TARGETED_DEVICE_FAMILY = "1,2";
			};
			name = Release;
		};
		B7E80C2B297C02E2008A129D /* Debug */ = {
			isa = XCBuildConfiguration;
			buildSettings = {
				BUNDLE_LOADER = "$(TEST_HOST)";
				CODE_SIGN_STYLE = Automatic;
				CURRENT_PROJECT_VERSION = 1;
				DEVELOPMENT_TEAM = C75HZNC664;
				GENERATE_INFOPLIST_FILE = YES;
				MARKETING_VERSION = 1.0;
				PRODUCT_BUNDLE_IDENTIFIER = nilotic.KurlyTests;
				PRODUCT_NAME = "$(TARGET_NAME)";
				SWIFT_ACTIVE_COMPILATION_CONDITIONS = "DEBUG UNITTEST";
				SWIFT_EMIT_LOC_STRINGS = NO;
				SWIFT_VERSION = 5.0;
				TARGETED_DEVICE_FAMILY = "1,2";
				TEST_HOST = "$(BUILT_PRODUCTS_DIR)/Kurly.app/$(BUNDLE_EXECUTABLE_FOLDER_PATH)/Kurly";
			};
			name = Debug;
		};
		B7E80C2C297C02E2008A129D /* Release */ = {
			isa = XCBuildConfiguration;
			buildSettings = {
				BUNDLE_LOADER = "$(TEST_HOST)";
				CODE_SIGN_STYLE = Automatic;
				CURRENT_PROJECT_VERSION = 1;
				DEVELOPMENT_TEAM = C75HZNC664;
				GENERATE_INFOPLIST_FILE = YES;
				MARKETING_VERSION = 1.0;
				PRODUCT_BUNDLE_IDENTIFIER = nilotic.KurlyTests;
				PRODUCT_NAME = "$(TARGET_NAME)";
				SWIFT_EMIT_LOC_STRINGS = NO;
				SWIFT_VERSION = 5.0;
				TARGETED_DEVICE_FAMILY = "1,2";
				TEST_HOST = "$(BUILT_PRODUCTS_DIR)/Kurly.app/$(BUNDLE_EXECUTABLE_FOLDER_PATH)/Kurly";
			};
			name = Release;
		};
		B7E80C5D297C0F33008A129D /* Debug */ = {
			isa = XCBuildConfiguration;
			buildSettings = {
				CODE_SIGN_STYLE = Automatic;
				CURRENT_PROJECT_VERSION = 1;
				DEVELOPMENT_TEAM = C75HZNC664;
				GENERATE_INFOPLIST_FILE = YES;
				MARKETING_VERSION = 1.0;
				PRODUCT_BUNDLE_IDENTIFIER = nilotic.KurlyUITests;
				PRODUCT_NAME = "$(TARGET_NAME)";
				SWIFT_EMIT_LOC_STRINGS = NO;
				SWIFT_VERSION = 5.0;
				TARGETED_DEVICE_FAMILY = "1,2";
				TEST_TARGET_NAME = Kurly;
			};
			name = Debug;
		};
		B7E80C5E297C0F33008A129D /* Release */ = {
			isa = XCBuildConfiguration;
			buildSettings = {
				CODE_SIGN_STYLE = Automatic;
				CURRENT_PROJECT_VERSION = 1;
				DEVELOPMENT_TEAM = C75HZNC664;
				GENERATE_INFOPLIST_FILE = YES;
				MARKETING_VERSION = 1.0;
				PRODUCT_BUNDLE_IDENTIFIER = nilotic.KurlyUITests;
				PRODUCT_NAME = "$(TARGET_NAME)";
				SWIFT_EMIT_LOC_STRINGS = NO;
				SWIFT_VERSION = 5.0;
				TARGETED_DEVICE_FAMILY = "1,2";
				TEST_TARGET_NAME = Kurly;
			};
			name = Release;
		};
/* End XCBuildConfiguration section */

/* Begin XCConfigurationList section */
		B786037C2976C6FA000F611F /* Build configuration list for PBXProject "Kurly" */ = {
			isa = XCConfigurationList;
			buildConfigurations = (
				B786038D2976C6FC000F611F /* Debug */,
				B786038E2976C6FC000F611F /* Release */,
			);
			defaultConfigurationIsVisible = 0;
			defaultConfigurationName = Release;
		};
		B786038F2976C6FC000F611F /* Build configuration list for PBXNativeTarget "Kurly" */ = {
			isa = XCConfigurationList;
			buildConfigurations = (
				B78603902976C6FC000F611F /* Debug */,
				B78603912976C6FC000F611F /* Release */,
			);
			defaultConfigurationIsVisible = 0;
			defaultConfigurationName = Release;
		};
		B7E80C2D297C02E2008A129D /* Build configuration list for PBXNativeTarget "KurlyTests" */ = {
			isa = XCConfigurationList;
			buildConfigurations = (
				B7E80C2B297C02E2008A129D /* Debug */,
				B7E80C2C297C02E2008A129D /* Release */,
			);
			defaultConfigurationIsVisible = 0;
			defaultConfigurationName = Release;
		};
		B7E80C5C297C0F33008A129D /* Build configuration list for PBXNativeTarget "KurlyUITests" */ = {
			isa = XCConfigurationList;
			buildConfigurations = (
				B7E80C5D297C0F33008A129D /* Debug */,
				B7E80C5E297C0F33008A129D /* Release */,
			);
			defaultConfigurationIsVisible = 0;
			defaultConfigurationName = Release;
		};
/* End XCConfigurationList section */

/* Begin XCVersionGroup section */
		B77157B7297B7E7E003F6A5D /* Search.xcdatamodeld */ = {
			isa = XCVersionGroup;
			children = (
				B77157B8297B7E7E003F6A5D /* SearchKeywords.xcdatamodel */,
			);
			currentVersion = B77157B8297B7E7E003F6A5D /* SearchKeywords.xcdatamodel */;
			path = Search.xcdatamodeld;
			sourceTree = "<group>";
			versionGroupType = wrapper.xcdatamodel;
		};
/* End XCVersionGroup section */
	};
	rootObject = B78603792976C6FA000F611F /* Project object */;
}
